
Microsoft Visual Studio Solution File, Format Version 12.00
# Visual Studio 15
VisualStudioVersion = 15.0.26228.12
MinimumVisualStudioVersion = 10.0.40219.1
Project("{FAE04EC0-301F-11D3-BF4B-00C04F79EFBC}") = "SmartPS.Creator", "SmartPS.Creator\SmartPS.Creator.csproj", "{CA34F53E-A063-4A43-A57A-DBDB4D8618AF}"
EndProject
Project("{FAE04EC0-301F-11D3-BF4B-00C04F79EFBC}") = "SmartPS.Shared", "SmartPS.Shared\SmartPS.Shared.csproj", "{67F9D3A8-F71E-4428-913F-C37AE82CDB24}"
EndProject
Project("{FAE04EC0-301F-11D3-BF4B-00C04F79EFBC}") = "SmartPS.WebAPI", "SmartPS.WebAPI\SmartPS.WebAPI.csproj", "{D37C6CED-2E6D-4553-B9A7-3333FB78369B}"
EndProject
Project("{2150E333-8FDC-42A3-9474-1A3956D46DE8}") = "Viewer", "Viewer", "{F3D4E2FD-3393-4856-9217-2C857A2E6786}"
EndProject
Project("{2150E333-8FDC-42A3-9474-1A3956D46DE8}") = "Creator", "Creator", "{0CD8449B-97D3-45BA-AE24-B968286EBE52}"
EndProject
Project("{2150E333-8FDC-42A3-9474-1A3956D46DE8}") = "Server", "Server", "{D3540CEA-2C8C-4D77-8C0B-06B2E9438423}"
EndProject
Project("{FAE04EC0-301F-11D3-BF4B-00C04F79EFBC}") = "SmartPS.Viewer.Android", "SmartPS.Viewer\SmartPS.Viewer.Android\SmartPS.Viewer.Android.csproj", "{8FA2562B-E003-474E-895F-1F9882726E1B}"
EndProject
Project("{FAE04EC0-301F-11D3-BF4B-00C04F79EFBC}") = "SmartPS.Viewer", "SmartPS.Viewer\SmartPS.Viewer\SmartPS.Viewer.csproj", "{E3B4C823-61D7-4BDE-BE9C-AEE331DDA650}"
EndProject
Project("{FAE04EC0-301F-11D3-BF4B-00C04F79EFBC}") = "SmartPS.Viewer.UWP", "SmartPS.Viewer\SmartPS.Viewer.UWP\SmartPS.Viewer.UWP.csproj", "{5F2A1143-7937-46DF-8440-67CBE994F0C9}"
EndProject
Project("{FAE04EC0-301F-11D3-BF4B-00C04F79EFBC}") = "SmartPS.Viewer.iOS", "SmartPS.Viewer\SmartPS.Viewer.iOS\SmartPS.Viewer.iOS.csproj", "{DDE01DE9-D390-4A29-95E6-55FD4B2884E4}"
EndProject
Global
	GlobalSection(SolutionConfigurationPlatforms) = preSolution
		Ad-Hoc|Any CPU = Ad-Hoc|Any CPU
		Ad-Hoc|ARM = Ad-Hoc|ARM
		Ad-Hoc|iPhone = Ad-Hoc|iPhone
		Ad-Hoc|iPhoneSimulator = Ad-Hoc|iPhoneSimulator
		Ad-Hoc|x64 = Ad-Hoc|x64
		Ad-Hoc|x86 = Ad-Hoc|x86
		AppStore|Any CPU = AppStore|Any CPU
		AppStore|ARM = AppStore|ARM
		AppStore|iPhone = AppStore|iPhone
		AppStore|iPhoneSimulator = AppStore|iPhoneSimulator
		AppStore|x64 = AppStore|x64
		AppStore|x86 = AppStore|x86
		Debug|Any CPU = Debug|Any CPU
		Debug|ARM = Debug|ARM
		Debug|iPhone = Debug|iPhone
		Debug|iPhoneSimulator = Debug|iPhoneSimulator
		Debug|x64 = Debug|x64
		Debug|x86 = Debug|x86
		Release|Any CPU = Release|Any CPU
		Release|ARM = Release|ARM
		Release|iPhone = Release|iPhone
		Release|iPhoneSimulator = Release|iPhoneSimulator
		Release|x64 = Release|x64
		Release|x86 = Release|x86
	EndGlobalSection
	GlobalSection(ProjectConfigurationPlatforms) = postSolution
		{CA34F53E-A063-4A43-A57A-DBDB4D8618AF}.Ad-Hoc|Any CPU.ActiveCfg = Release|x64
		{CA34F53E-A063-4A43-A57A-DBDB4D8618AF}.Ad-Hoc|Any CPU.Build.0 = Release|x64
		{CA34F53E-A063-4A43-A57A-DBDB4D8618AF}.Ad-Hoc|Any CPU.Deploy.0 = Release|x64
		{CA34F53E-A063-4A43-A57A-DBDB4D8618AF}.Ad-Hoc|ARM.ActiveCfg = Release|ARM
		{CA34F53E-A063-4A43-A57A-DBDB4D8618AF}.Ad-Hoc|ARM.Build.0 = Release|ARM
		{CA34F53E-A063-4A43-A57A-DBDB4D8618AF}.Ad-Hoc|ARM.Deploy.0 = Release|ARM
		{CA34F53E-A063-4A43-A57A-DBDB4D8618AF}.Ad-Hoc|iPhone.ActiveCfg = Release|x64
		{CA34F53E-A063-4A43-A57A-DBDB4D8618AF}.Ad-Hoc|iPhone.Build.0 = Release|x64
		{CA34F53E-A063-4A43-A57A-DBDB4D8618AF}.Ad-Hoc|iPhone.Deploy.0 = Release|x64
		{CA34F53E-A063-4A43-A57A-DBDB4D8618AF}.Ad-Hoc|iPhoneSimulator.ActiveCfg = Release|x64
		{CA34F53E-A063-4A43-A57A-DBDB4D8618AF}.Ad-Hoc|iPhoneSimulator.Build.0 = Release|x64
		{CA34F53E-A063-4A43-A57A-DBDB4D8618AF}.Ad-Hoc|iPhoneSimulator.Deploy.0 = Release|x64
		{CA34F53E-A063-4A43-A57A-DBDB4D8618AF}.Ad-Hoc|x64.ActiveCfg = Release|x64
		{CA34F53E-A063-4A43-A57A-DBDB4D8618AF}.Ad-Hoc|x64.Build.0 = Release|x64
		{CA34F53E-A063-4A43-A57A-DBDB4D8618AF}.Ad-Hoc|x64.Deploy.0 = Release|x64
		{CA34F53E-A063-4A43-A57A-DBDB4D8618AF}.Ad-Hoc|x86.ActiveCfg = Release|x86
		{CA34F53E-A063-4A43-A57A-DBDB4D8618AF}.Ad-Hoc|x86.Build.0 = Release|x86
		{CA34F53E-A063-4A43-A57A-DBDB4D8618AF}.Ad-Hoc|x86.Deploy.0 = Release|x86
		{CA34F53E-A063-4A43-A57A-DBDB4D8618AF}.AppStore|Any CPU.ActiveCfg = Release|x64
		{CA34F53E-A063-4A43-A57A-DBDB4D8618AF}.AppStore|Any CPU.Build.0 = Release|x64
		{CA34F53E-A063-4A43-A57A-DBDB4D8618AF}.AppStore|Any CPU.Deploy.0 = Release|x64
		{CA34F53E-A063-4A43-A57A-DBDB4D8618AF}.AppStore|ARM.ActiveCfg = Release|ARM
		{CA34F53E-A063-4A43-A57A-DBDB4D8618AF}.AppStore|ARM.Build.0 = Release|ARM
		{CA34F53E-A063-4A43-A57A-DBDB4D8618AF}.AppStore|ARM.Deploy.0 = Release|ARM
		{CA34F53E-A063-4A43-A57A-DBDB4D8618AF}.AppStore|iPhone.ActiveCfg = Release|x64
		{CA34F53E-A063-4A43-A57A-DBDB4D8618AF}.AppStore|iPhone.Build.0 = Release|x64
		{CA34F53E-A063-4A43-A57A-DBDB4D8618AF}.AppStore|iPhone.Deploy.0 = Release|x64
		{CA34F53E-A063-4A43-A57A-DBDB4D8618AF}.AppStore|iPhoneSimulator.ActiveCfg = Release|x64
		{CA34F53E-A063-4A43-A57A-DBDB4D8618AF}.AppStore|iPhoneSimulator.Build.0 = Release|x64
		{CA34F53E-A063-4A43-A57A-DBDB4D8618AF}.AppStore|iPhoneSimulator.Deploy.0 = Release|x64
		{CA34F53E-A063-4A43-A57A-DBDB4D8618AF}.AppStore|x64.ActiveCfg = Release|x64
		{CA34F53E-A063-4A43-A57A-DBDB4D8618AF}.AppStore|x64.Build.0 = Release|x64
		{CA34F53E-A063-4A43-A57A-DBDB4D8618AF}.AppStore|x64.Deploy.0 = Release|x64
		{CA34F53E-A063-4A43-A57A-DBDB4D8618AF}.AppStore|x86.ActiveCfg = Release|x86
		{CA34F53E-A063-4A43-A57A-DBDB4D8618AF}.AppStore|x86.Build.0 = Release|x86
		{CA34F53E-A063-4A43-A57A-DBDB4D8618AF}.AppStore|x86.Deploy.0 = Release|x86
		{CA34F53E-A063-4A43-A57A-DBDB4D8618AF}.Debug|Any CPU.ActiveCfg = Debug|x86
		{CA34F53E-A063-4A43-A57A-DBDB4D8618AF}.Debug|Any CPU.Build.0 = Debug|x86
		{CA34F53E-A063-4A43-A57A-DBDB4D8618AF}.Debug|Any CPU.Deploy.0 = Debug|x86
		{CA34F53E-A063-4A43-A57A-DBDB4D8618AF}.Debug|ARM.ActiveCfg = Debug|ARM
		{CA34F53E-A063-4A43-A57A-DBDB4D8618AF}.Debug|ARM.Build.0 = Debug|ARM
		{CA34F53E-A063-4A43-A57A-DBDB4D8618AF}.Debug|ARM.Deploy.0 = Debug|ARM
		{CA34F53E-A063-4A43-A57A-DBDB4D8618AF}.Debug|iPhone.ActiveCfg = Debug|x86
		{CA34F53E-A063-4A43-A57A-DBDB4D8618AF}.Debug|iPhoneSimulator.ActiveCfg = Debug|x86
		{CA34F53E-A063-4A43-A57A-DBDB4D8618AF}.Debug|x64.ActiveCfg = Debug|x64
		{CA34F53E-A063-4A43-A57A-DBDB4D8618AF}.Debug|x64.Build.0 = Debug|x64
		{CA34F53E-A063-4A43-A57A-DBDB4D8618AF}.Debug|x64.Deploy.0 = Debug|x64
		{CA34F53E-A063-4A43-A57A-DBDB4D8618AF}.Debug|x86.ActiveCfg = Debug|x86
		{CA34F53E-A063-4A43-A57A-DBDB4D8618AF}.Debug|x86.Build.0 = Debug|x86
		{CA34F53E-A063-4A43-A57A-DBDB4D8618AF}.Debug|x86.Deploy.0 = Debug|x86
		{CA34F53E-A063-4A43-A57A-DBDB4D8618AF}.Release|Any CPU.ActiveCfg = Release|x86
		{CA34F53E-A063-4A43-A57A-DBDB4D8618AF}.Release|Any CPU.Build.0 = Release|x86
		{CA34F53E-A063-4A43-A57A-DBDB4D8618AF}.Release|Any CPU.Deploy.0 = Release|x86
		{CA34F53E-A063-4A43-A57A-DBDB4D8618AF}.Release|ARM.ActiveCfg = Release|ARM
		{CA34F53E-A063-4A43-A57A-DBDB4D8618AF}.Release|ARM.Build.0 = Release|ARM
		{CA34F53E-A063-4A43-A57A-DBDB4D8618AF}.Release|ARM.Deploy.0 = Release|ARM
		{CA34F53E-A063-4A43-A57A-DBDB4D8618AF}.Release|iPhone.ActiveCfg = Release|x86
		{CA34F53E-A063-4A43-A57A-DBDB4D8618AF}.Release|iPhoneSimulator.ActiveCfg = Release|x86
		{CA34F53E-A063-4A43-A57A-DBDB4D8618AF}.Release|x64.ActiveCfg = Release|x64
		{CA34F53E-A063-4A43-A57A-DBDB4D8618AF}.Release|x64.Build.0 = Release|x64
		{CA34F53E-A063-4A43-A57A-DBDB4D8618AF}.Release|x64.Deploy.0 = Release|x64
		{CA34F53E-A063-4A43-A57A-DBDB4D8618AF}.Release|x86.ActiveCfg = Release|x86
		{CA34F53E-A063-4A43-A57A-DBDB4D8618AF}.Release|x86.Build.0 = Release|x86
		{CA34F53E-A063-4A43-A57A-DBDB4D8618AF}.Release|x86.Deploy.0 = Release|x86
		{67F9D3A8-F71E-4428-913F-C37AE82CDB24}.Ad-Hoc|Any CPU.ActiveCfg = Release|Any CPU
		{67F9D3A8-F71E-4428-913F-C37AE82CDB24}.Ad-Hoc|Any CPU.Build.0 = Release|Any CPU
		{67F9D3A8-F71E-4428-913F-C37AE82CDB24}.Ad-Hoc|ARM.ActiveCfg = Release|Any CPU
		{67F9D3A8-F71E-4428-913F-C37AE82CDB24}.Ad-Hoc|ARM.Build.0 = Release|Any CPU
		{67F9D3A8-F71E-4428-913F-C37AE82CDB24}.Ad-Hoc|iPhone.ActiveCfg = Release|Any CPU
		{67F9D3A8-F71E-4428-913F-C37AE82CDB24}.Ad-Hoc|iPhone.Build.0 = Release|Any CPU
		{67F9D3A8-F71E-4428-913F-C37AE82CDB24}.Ad-Hoc|iPhoneSimulator.ActiveCfg = Release|Any CPU
		{67F9D3A8-F71E-4428-913F-C37AE82CDB24}.Ad-Hoc|iPhoneSimulator.Build.0 = Release|Any CPU
		{67F9D3A8-F71E-4428-913F-C37AE82CDB24}.Ad-Hoc|x64.ActiveCfg = Release|Any CPU
		{67F9D3A8-F71E-4428-913F-C37AE82CDB24}.Ad-Hoc|x64.Build.0 = Release|Any CPU
		{67F9D3A8-F71E-4428-913F-C37AE82CDB24}.Ad-Hoc|x86.ActiveCfg = Release|Any CPU
		{67F9D3A8-F71E-4428-913F-C37AE82CDB24}.Ad-Hoc|x86.Build.0 = Release|Any CPU
		{67F9D3A8-F71E-4428-913F-C37AE82CDB24}.AppStore|Any CPU.ActiveCfg = Release|Any CPU
		{67F9D3A8-F71E-4428-913F-C37AE82CDB24}.AppStore|Any CPU.Build.0 = Release|Any CPU
		{67F9D3A8-F71E-4428-913F-C37AE82CDB24}.AppStore|ARM.ActiveCfg = Release|Any CPU
		{67F9D3A8-F71E-4428-913F-C37AE82CDB24}.AppStore|ARM.Build.0 = Release|Any CPU
		{67F9D3A8-F71E-4428-913F-C37AE82CDB24}.AppStore|iPhone.ActiveCfg = Release|Any CPU
		{67F9D3A8-F71E-4428-913F-C37AE82CDB24}.AppStore|iPhone.Build.0 = Release|Any CPU
		{67F9D3A8-F71E-4428-913F-C37AE82CDB24}.AppStore|iPhoneSimulator.ActiveCfg = Release|Any CPU
		{67F9D3A8-F71E-4428-913F-C37AE82CDB24}.AppStore|iPhoneSimulator.Build.0 = Release|Any CPU
		{67F9D3A8-F71E-4428-913F-C37AE82CDB24}.AppStore|x64.ActiveCfg = Release|Any CPU
		{67F9D3A8-F71E-4428-913F-C37AE82CDB24}.AppStore|x64.Build.0 = Release|Any CPU
		{67F9D3A8-F71E-4428-913F-C37AE82CDB24}.AppStore|x86.ActiveCfg = Release|Any CPU
		{67F9D3A8-F71E-4428-913F-C37AE82CDB24}.AppStore|x86.Build.0 = Release|Any CPU
		{67F9D3A8-F71E-4428-913F-C37AE82CDB24}.Debug|Any CPU.ActiveCfg = Debug|Any CPU
		{67F9D3A8-F71E-4428-913F-C37AE82CDB24}.Debug|Any CPU.Build.0 = Debug|Any CPU
		{67F9D3A8-F71E-4428-913F-C37AE82CDB24}.Debug|ARM.ActiveCfg = Debug|Any CPU
		{67F9D3A8-F71E-4428-913F-C37AE82CDB24}.Debug|ARM.Build.0 = Debug|Any CPU
		{67F9D3A8-F71E-4428-913F-C37AE82CDB24}.Debug|iPhone.ActiveCfg = Debug|Any CPU
		{67F9D3A8-F71E-4428-913F-C37AE82CDB24}.Debug|iPhone.Build.0 = Debug|Any CPU
		{67F9D3A8-F71E-4428-913F-C37AE82CDB24}.Debug|iPhoneSimulator.ActiveCfg = Debug|Any CPU
		{67F9D3A8-F71E-4428-913F-C37AE82CDB24}.Debug|iPhoneSimulator.Build.0 = Debug|Any CPU
		{67F9D3A8-F71E-4428-913F-C37AE82CDB24}.Debug|x64.ActiveCfg = Debug|Any CPU
		{67F9D3A8-F71E-4428-913F-C37AE82CDB24}.Debug|x64.Build.0 = Debug|Any CPU
		{67F9D3A8-F71E-4428-913F-C37AE82CDB24}.Debug|x86.ActiveCfg = Debug|Any CPU
		{67F9D3A8-F71E-4428-913F-C37AE82CDB24}.Debug|x86.Build.0 = Debug|Any CPU
		{67F9D3A8-F71E-4428-913F-C37AE82CDB24}.Release|Any CPU.ActiveCfg = Release|Any CPU
		{67F9D3A8-F71E-4428-913F-C37AE82CDB24}.Release|Any CPU.Build.0 = Release|Any CPU
		{67F9D3A8-F71E-4428-913F-C37AE82CDB24}.Release|ARM.ActiveCfg = Release|Any CPU
		{67F9D3A8-F71E-4428-913F-C37AE82CDB24}.Release|ARM.Build.0 = Release|Any CPU
		{67F9D3A8-F71E-4428-913F-C37AE82CDB24}.Release|iPhone.ActiveCfg = Release|Any CPU
		{67F9D3A8-F71E-4428-913F-C37AE82CDB24}.Release|iPhone.Build.0 = Release|Any CPU
		{67F9D3A8-F71E-4428-913F-C37AE82CDB24}.Release|iPhoneSimulator.ActiveCfg = Release|Any CPU
		{67F9D3A8-F71E-4428-913F-C37AE82CDB24}.Release|iPhoneSimulator.Build.0 = Release|Any CPU
		{67F9D3A8-F71E-4428-913F-C37AE82CDB24}.Release|x64.ActiveCfg = Release|Any CPU
		{67F9D3A8-F71E-4428-913F-C37AE82CDB24}.Release|x64.Build.0 = Release|Any CPU
		{67F9D3A8-F71E-4428-913F-C37AE82CDB24}.Release|x86.ActiveCfg = Release|Any CPU
		{67F9D3A8-F71E-4428-913F-C37AE82CDB24}.Release|x86.Build.0 = Release|Any CPU
		{D37C6CED-2E6D-4553-B9A7-3333FB78369B}.Ad-Hoc|Any CPU.ActiveCfg = Debug|Any CPU
		{D37C6CED-2E6D-4553-B9A7-3333FB78369B}.Ad-Hoc|Any CPU.Build.0 = Debug|Any CPU
		{D37C6CED-2E6D-4553-B9A7-3333FB78369B}.Ad-Hoc|ARM.ActiveCfg = Debug|Any CPU
		{D37C6CED-2E6D-4553-B9A7-3333FB78369B}.Ad-Hoc|ARM.Build.0 = Debug|Any CPU
		{D37C6CED-2E6D-4553-B9A7-3333FB78369B}.Ad-Hoc|iPhone.ActiveCfg = Debug|Any CPU
		{D37C6CED-2E6D-4553-B9A7-3333FB78369B}.Ad-Hoc|iPhone.Build.0 = Debug|Any CPU
		{D37C6CED-2E6D-4553-B9A7-3333FB78369B}.Ad-Hoc|iPhoneSimulator.ActiveCfg = Debug|Any CPU
		{D37C6CED-2E6D-4553-B9A7-3333FB78369B}.Ad-Hoc|iPhoneSimulator.Build.0 = Debug|Any CPU
		{D37C6CED-2E6D-4553-B9A7-3333FB78369B}.Ad-Hoc|x64.ActiveCfg = Debug|Any CPU
		{D37C6CED-2E6D-4553-B9A7-3333FB78369B}.Ad-Hoc|x64.Build.0 = Debug|Any CPU
		{D37C6CED-2E6D-4553-B9A7-3333FB78369B}.Ad-Hoc|x86.ActiveCfg = Debug|Any CPU
		{D37C6CED-2E6D-4553-B9A7-3333FB78369B}.Ad-Hoc|x86.Build.0 = Debug|Any CPU
		{D37C6CED-2E6D-4553-B9A7-3333FB78369B}.AppStore|Any CPU.ActiveCfg = Debug|Any CPU
		{D37C6CED-2E6D-4553-B9A7-3333FB78369B}.AppStore|Any CPU.Build.0 = Debug|Any CPU
		{D37C6CED-2E6D-4553-B9A7-3333FB78369B}.AppStore|ARM.ActiveCfg = Debug|Any CPU
		{D37C6CED-2E6D-4553-B9A7-3333FB78369B}.AppStore|ARM.Build.0 = Debug|Any CPU
		{D37C6CED-2E6D-4553-B9A7-3333FB78369B}.AppStore|iPhone.ActiveCfg = Debug|Any CPU
		{D37C6CED-2E6D-4553-B9A7-3333FB78369B}.AppStore|iPhone.Build.0 = Debug|Any CPU
		{D37C6CED-2E6D-4553-B9A7-3333FB78369B}.AppStore|iPhoneSimulator.ActiveCfg = Debug|Any CPU
		{D37C6CED-2E6D-4553-B9A7-3333FB78369B}.AppStore|iPhoneSimulator.Build.0 = Debug|Any CPU
		{D37C6CED-2E6D-4553-B9A7-3333FB78369B}.AppStore|x64.ActiveCfg = Debug|Any CPU
		{D37C6CED-2E6D-4553-B9A7-3333FB78369B}.AppStore|x64.Build.0 = Debug|Any CPU
		{D37C6CED-2E6D-4553-B9A7-3333FB78369B}.AppStore|x86.ActiveCfg = Debug|Any CPU
		{D37C6CED-2E6D-4553-B9A7-3333FB78369B}.AppStore|x86.Build.0 = Debug|Any CPU
		{D37C6CED-2E6D-4553-B9A7-3333FB78369B}.Debug|Any CPU.ActiveCfg = Debug|Any CPU
		{D37C6CED-2E6D-4553-B9A7-3333FB78369B}.Debug|Any CPU.Build.0 = Debug|Any CPU
		{D37C6CED-2E6D-4553-B9A7-3333FB78369B}.Debug|ARM.ActiveCfg = Debug|Any CPU
		{D37C6CED-2E6D-4553-B9A7-3333FB78369B}.Debug|ARM.Build.0 = Debug|Any CPU
		{D37C6CED-2E6D-4553-B9A7-3333FB78369B}.Debug|iPhone.ActiveCfg = Debug|Any CPU
		{D37C6CED-2E6D-4553-B9A7-3333FB78369B}.Debug|iPhone.Build.0 = Debug|Any CPU
		{D37C6CED-2E6D-4553-B9A7-3333FB78369B}.Debug|iPhoneSimulator.ActiveCfg = Debug|Any CPU
		{D37C6CED-2E6D-4553-B9A7-3333FB78369B}.Debug|iPhoneSimulator.Build.0 = Debug|Any CPU
		{D37C6CED-2E6D-4553-B9A7-3333FB78369B}.Debug|x64.ActiveCfg = Debug|Any CPU
		{D37C6CED-2E6D-4553-B9A7-3333FB78369B}.Debug|x64.Build.0 = Debug|Any CPU
		{D37C6CED-2E6D-4553-B9A7-3333FB78369B}.Debug|x86.ActiveCfg = Debug|Any CPU
		{D37C6CED-2E6D-4553-B9A7-3333FB78369B}.Debug|x86.Build.0 = Debug|Any CPU
		{D37C6CED-2E6D-4553-B9A7-3333FB78369B}.Release|Any CPU.ActiveCfg = Release|Any CPU
		{D37C6CED-2E6D-4553-B9A7-3333FB78369B}.Release|Any CPU.Build.0 = Release|Any CPU
		{D37C6CED-2E6D-4553-B9A7-3333FB78369B}.Release|ARM.ActiveCfg = Release|Any CPU
		{D37C6CED-2E6D-4553-B9A7-3333FB78369B}.Release|ARM.Build.0 = Release|Any CPU
		{D37C6CED-2E6D-4553-B9A7-3333FB78369B}.Release|iPhone.ActiveCfg = Release|Any CPU
		{D37C6CED-2E6D-4553-B9A7-3333FB78369B}.Release|iPhone.Build.0 = Release|Any CPU
		{D37C6CED-2E6D-4553-B9A7-3333FB78369B}.Release|iPhoneSimulator.ActiveCfg = Release|Any CPU
		{D37C6CED-2E6D-4553-B9A7-3333FB78369B}.Release|iPhoneSimulator.Build.0 = Release|Any CPU
		{D37C6CED-2E6D-4553-B9A7-3333FB78369B}.Release|x64.ActiveCfg = Release|Any CPU
		{D37C6CED-2E6D-4553-B9A7-3333FB78369B}.Release|x64.Build.0 = Release|Any CPU
		{D37C6CED-2E6D-4553-B9A7-3333FB78369B}.Release|x86.ActiveCfg = Release|Any CPU
		{D37C6CED-2E6D-4553-B9A7-3333FB78369B}.Release|x86.Build.0 = Release|Any CPU
		{8FA2562B-E003-474E-895F-1F9882726E1B}.Ad-Hoc|Any CPU.ActiveCfg = Release|Any CPU
		{8FA2562B-E003-474E-895F-1F9882726E1B}.Ad-Hoc|Any CPU.Build.0 = Release|Any CPU
		{8FA2562B-E003-474E-895F-1F9882726E1B}.Ad-Hoc|Any CPU.Deploy.0 = Release|Any CPU
		{8FA2562B-E003-474E-895F-1F9882726E1B}.Ad-Hoc|ARM.ActiveCfg = Release|Any CPU
		{8FA2562B-E003-474E-895F-1F9882726E1B}.Ad-Hoc|ARM.Build.0 = Release|Any CPU
		{8FA2562B-E003-474E-895F-1F9882726E1B}.Ad-Hoc|ARM.Deploy.0 = Release|Any CPU
		{8FA2562B-E003-474E-895F-1F9882726E1B}.Ad-Hoc|iPhone.ActiveCfg = Release|Any CPU
		{8FA2562B-E003-474E-895F-1F9882726E1B}.Ad-Hoc|iPhone.Build.0 = Release|Any CPU
		{8FA2562B-E003-474E-895F-1F9882726E1B}.Ad-Hoc|iPhone.Deploy.0 = Release|Any CPU
		{8FA2562B-E003-474E-895F-1F9882726E1B}.Ad-Hoc|iPhoneSimulator.ActiveCfg = Release|Any CPU
		{8FA2562B-E003-474E-895F-1F9882726E1B}.Ad-Hoc|iPhoneSimulator.Build.0 = Release|Any CPU
		{8FA2562B-E003-474E-895F-1F9882726E1B}.Ad-Hoc|iPhoneSimulator.Deploy.0 = Release|Any CPU
		{8FA2562B-E003-474E-895F-1F9882726E1B}.Ad-Hoc|x64.ActiveCfg = Release|Any CPU
		{8FA2562B-E003-474E-895F-1F9882726E1B}.Ad-Hoc|x64.Build.0 = Release|Any CPU
		{8FA2562B-E003-474E-895F-1F9882726E1B}.Ad-Hoc|x64.Deploy.0 = Release|Any CPU
		{8FA2562B-E003-474E-895F-1F9882726E1B}.Ad-Hoc|x86.ActiveCfg = Release|Any CPU
		{8FA2562B-E003-474E-895F-1F9882726E1B}.Ad-Hoc|x86.Build.0 = Release|Any CPU
		{8FA2562B-E003-474E-895F-1F9882726E1B}.Ad-Hoc|x86.Deploy.0 = Release|Any CPU
		{8FA2562B-E003-474E-895F-1F9882726E1B}.AppStore|Any CPU.ActiveCfg = Release|Any CPU
		{8FA2562B-E003-474E-895F-1F9882726E1B}.AppStore|Any CPU.Build.0 = Release|Any CPU
		{8FA2562B-E003-474E-895F-1F9882726E1B}.AppStore|Any CPU.Deploy.0 = Release|Any CPU
		{8FA2562B-E003-474E-895F-1F9882726E1B}.AppStore|ARM.ActiveCfg = Release|Any CPU
		{8FA2562B-E003-474E-895F-1F9882726E1B}.AppStore|ARM.Build.0 = Release|Any CPU
		{8FA2562B-E003-474E-895F-1F9882726E1B}.AppStore|ARM.Deploy.0 = Release|Any CPU
		{8FA2562B-E003-474E-895F-1F9882726E1B}.AppStore|iPhone.ActiveCfg = Release|Any CPU
		{8FA2562B-E003-474E-895F-1F9882726E1B}.AppStore|iPhone.Build.0 = Release|Any CPU
		{8FA2562B-E003-474E-895F-1F9882726E1B}.AppStore|iPhone.Deploy.0 = Release|Any CPU
		{8FA2562B-E003-474E-895F-1F9882726E1B}.AppStore|iPhoneSimulator.ActiveCfg = Release|Any CPU
		{8FA2562B-E003-474E-895F-1F9882726E1B}.AppStore|iPhoneSimulator.Build.0 = Release|Any CPU
		{8FA2562B-E003-474E-895F-1F9882726E1B}.AppStore|iPhoneSimulator.Deploy.0 = Release|Any CPU
		{8FA2562B-E003-474E-895F-1F9882726E1B}.AppStore|x64.ActiveCfg = Release|Any CPU
		{8FA2562B-E003-474E-895F-1F9882726E1B}.AppStore|x64.Build.0 = Release|Any CPU
		{8FA2562B-E003-474E-895F-1F9882726E1B}.AppStore|x64.Deploy.0 = Release|Any CPU
		{8FA2562B-E003-474E-895F-1F9882726E1B}.AppStore|x86.ActiveCfg = Release|Any CPU
		{8FA2562B-E003-474E-895F-1F9882726E1B}.AppStore|x86.Build.0 = Release|Any CPU
		{8FA2562B-E003-474E-895F-1F9882726E1B}.AppStore|x86.Deploy.0 = Release|Any CPU
		{8FA2562B-E003-474E-895F-1F9882726E1B}.Debug|Any CPU.ActiveCfg = Debug|Any CPU
		{8FA2562B-E003-474E-895F-1F9882726E1B}.Debug|Any CPU.Build.0 = Debug|Any CPU
		{8FA2562B-E003-474E-895F-1F9882726E1B}.Debug|Any CPU.Deploy.0 = Debug|Any CPU
		{8FA2562B-E003-474E-895F-1F9882726E1B}.Debug|ARM.ActiveCfg = Debug|Any CPU
		{8FA2562B-E003-474E-895F-1F9882726E1B}.Debug|ARM.Build.0 = Debug|Any CPU
		{8FA2562B-E003-474E-895F-1F9882726E1B}.Debug|ARM.Deploy.0 = Debug|Any CPU
		{8FA2562B-E003-474E-895F-1F9882726E1B}.Debug|iPhone.ActiveCfg = Debug|Any CPU
		{8FA2562B-E003-474E-895F-1F9882726E1B}.Debug|iPhone.Build.0 = Debug|Any CPU
		{8FA2562B-E003-474E-895F-1F9882726E1B}.Debug|iPhone.Deploy.0 = Debug|Any CPU
		{8FA2562B-E003-474E-895F-1F9882726E1B}.Debug|iPhoneSimulator.ActiveCfg = Debug|Any CPU
		{8FA2562B-E003-474E-895F-1F9882726E1B}.Debug|iPhoneSimulator.Build.0 = Debug|Any CPU
		{8FA2562B-E003-474E-895F-1F9882726E1B}.Debug|iPhoneSimulator.Deploy.0 = Debug|Any CPU
		{8FA2562B-E003-474E-895F-1F9882726E1B}.Debug|x64.ActiveCfg = Debug|Any CPU
		{8FA2562B-E003-474E-895F-1F9882726E1B}.Debug|x64.Build.0 = Debug|Any CPU
		{8FA2562B-E003-474E-895F-1F9882726E1B}.Debug|x64.Deploy.0 = Debug|Any CPU
		{8FA2562B-E003-474E-895F-1F9882726E1B}.Debug|x86.ActiveCfg = Debug|Any CPU
		{8FA2562B-E003-474E-895F-1F9882726E1B}.Debug|x86.Build.0 = Debug|Any CPU
		{8FA2562B-E003-474E-895F-1F9882726E1B}.Debug|x86.Deploy.0 = Debug|Any CPU
		{8FA2562B-E003-474E-895F-1F9882726E1B}.Release|Any CPU.ActiveCfg = Release|Any CPU
		{8FA2562B-E003-474E-895F-1F9882726E1B}.Release|Any CPU.Build.0 = Release|Any CPU
		{8FA2562B-E003-474E-895F-1F9882726E1B}.Release|Any CPU.Deploy.0 = Release|Any CPU
		{8FA2562B-E003-474E-895F-1F9882726E1B}.Release|ARM.ActiveCfg = Release|Any CPU
		{8FA2562B-E003-474E-895F-1F9882726E1B}.Release|ARM.Build.0 = Release|Any CPU
		{8FA2562B-E003-474E-895F-1F9882726E1B}.Release|ARM.Deploy.0 = Release|Any CPU
		{8FA2562B-E003-474E-895F-1F9882726E1B}.Release|iPhone.ActiveCfg = Release|Any CPU
		{8FA2562B-E003-474E-895F-1F9882726E1B}.Release|iPhone.Build.0 = Release|Any CPU
		{8FA2562B-E003-474E-895F-1F9882726E1B}.Release|iPhone.Deploy.0 = Release|Any CPU
		{8FA2562B-E003-474E-895F-1F9882726E1B}.Release|iPhoneSimulator.ActiveCfg = Release|Any CPU
		{8FA2562B-E003-474E-895F-1F9882726E1B}.Release|iPhoneSimulator.Build.0 = Release|Any CPU
		{8FA2562B-E003-474E-895F-1F9882726E1B}.Release|iPhoneSimulator.Deploy.0 = Release|Any CPU
		{8FA2562B-E003-474E-895F-1F9882726E1B}.Release|x64.ActiveCfg = Release|Any CPU
		{8FA2562B-E003-474E-895F-1F9882726E1B}.Release|x64.Build.0 = Release|Any CPU
		{8FA2562B-E003-474E-895F-1F9882726E1B}.Release|x64.Deploy.0 = Release|Any CPU
		{8FA2562B-E003-474E-895F-1F9882726E1B}.Release|x86.ActiveCfg = Release|Any CPU
		{8FA2562B-E003-474E-895F-1F9882726E1B}.Release|x86.Build.0 = Release|Any CPU
		{8FA2562B-E003-474E-895F-1F9882726E1B}.Release|x86.Deploy.0 = Release|Any CPU
		{E3B4C823-61D7-4BDE-BE9C-AEE331DDA650}.Ad-Hoc|Any CPU.ActiveCfg = Release|Any CPU
		{E3B4C823-61D7-4BDE-BE9C-AEE331DDA650}.Ad-Hoc|Any CPU.Build.0 = Release|Any CPU
		{E3B4C823-61D7-4BDE-BE9C-AEE331DDA650}.Ad-Hoc|ARM.ActiveCfg = Release|Any CPU
		{E3B4C823-61D7-4BDE-BE9C-AEE331DDA650}.Ad-Hoc|ARM.Build.0 = Release|Any CPU
		{E3B4C823-61D7-4BDE-BE9C-AEE331DDA650}.Ad-Hoc|iPhone.ActiveCfg = Release|Any CPU
		{E3B4C823-61D7-4BDE-BE9C-AEE331DDA650}.Ad-Hoc|iPhone.Build.0 = Release|Any CPU
		{E3B4C823-61D7-4BDE-BE9C-AEE331DDA650}.Ad-Hoc|iPhoneSimulator.ActiveCfg = Release|Any CPU
		{E3B4C823-61D7-4BDE-BE9C-AEE331DDA650}.Ad-Hoc|iPhoneSimulator.Build.0 = Release|Any CPU
		{E3B4C823-61D7-4BDE-BE9C-AEE331DDA650}.Ad-Hoc|x64.ActiveCfg = Release|Any CPU
		{E3B4C823-61D7-4BDE-BE9C-AEE331DDA650}.Ad-Hoc|x64.Build.0 = Release|Any CPU
		{E3B4C823-61D7-4BDE-BE9C-AEE331DDA650}.Ad-Hoc|x86.ActiveCfg = Release|Any CPU
		{E3B4C823-61D7-4BDE-BE9C-AEE331DDA650}.Ad-Hoc|x86.Build.0 = Release|Any CPU
		{E3B4C823-61D7-4BDE-BE9C-AEE331DDA650}.AppStore|Any CPU.ActiveCfg = Release|Any CPU
		{E3B4C823-61D7-4BDE-BE9C-AEE331DDA650}.AppStore|Any CPU.Build.0 = Release|Any CPU
		{E3B4C823-61D7-4BDE-BE9C-AEE331DDA650}.AppStore|ARM.ActiveCfg = Release|Any CPU
		{E3B4C823-61D7-4BDE-BE9C-AEE331DDA650}.AppStore|ARM.Build.0 = Release|Any CPU
		{E3B4C823-61D7-4BDE-BE9C-AEE331DDA650}.AppStore|iPhone.ActiveCfg = Release|Any CPU
		{E3B4C823-61D7-4BDE-BE9C-AEE331DDA650}.AppStore|iPhone.Build.0 = Release|Any CPU
		{E3B4C823-61D7-4BDE-BE9C-AEE331DDA650}.AppStore|iPhoneSimulator.ActiveCfg = Release|Any CPU
		{E3B4C823-61D7-4BDE-BE9C-AEE331DDA650}.AppStore|iPhoneSimulator.Build.0 = Release|Any CPU
		{E3B4C823-61D7-4BDE-BE9C-AEE331DDA650}.AppStore|x64.ActiveCfg = Release|Any CPU
		{E3B4C823-61D7-4BDE-BE9C-AEE331DDA650}.AppStore|x64.Build.0 = Release|Any CPU
		{E3B4C823-61D7-4BDE-BE9C-AEE331DDA650}.AppStore|x86.ActiveCfg = Release|Any CPU
		{E3B4C823-61D7-4BDE-BE9C-AEE331DDA650}.AppStore|x86.Build.0 = Release|Any CPU
		{E3B4C823-61D7-4BDE-BE9C-AEE331DDA650}.Debug|Any CPU.ActiveCfg = Debug|Any CPU
		{E3B4C823-61D7-4BDE-BE9C-AEE331DDA650}.Debug|Any CPU.Build.0 = Debug|Any CPU
		{E3B4C823-61D7-4BDE-BE9C-AEE331DDA650}.Debug|ARM.ActiveCfg = Debug|Any CPU
		{E3B4C823-61D7-4BDE-BE9C-AEE331DDA650}.Debug|ARM.Build.0 = Debug|Any CPU
		{E3B4C823-61D7-4BDE-BE9C-AEE331DDA650}.Debug|iPhone.ActiveCfg = Debug|Any CPU
		{E3B4C823-61D7-4BDE-BE9C-AEE331DDA650}.Debug|iPhone.Build.0 = Debug|Any CPU
		{E3B4C823-61D7-4BDE-BE9C-AEE331DDA650}.Debug|iPhoneSimulator.ActiveCfg = Debug|Any CPU
		{E3B4C823-61D7-4BDE-BE9C-AEE331DDA650}.Debug|iPhoneSimulator.Build.0 = Debug|Any CPU
		{E3B4C823-61D7-4BDE-BE9C-AEE331DDA650}.Debug|x64.ActiveCfg = Debug|Any CPU
		{E3B4C823-61D7-4BDE-BE9C-AEE331DDA650}.Debug|x64.Build.0 = Debug|Any CPU
		{E3B4C823-61D7-4BDE-BE9C-AEE331DDA650}.Debug|x86.ActiveCfg = Debug|Any CPU
		{E3B4C823-61D7-4BDE-BE9C-AEE331DDA650}.Debug|x86.Build.0 = Debug|Any CPU
		{E3B4C823-61D7-4BDE-BE9C-AEE331DDA650}.Release|Any CPU.ActiveCfg = Release|Any CPU
		{E3B4C823-61D7-4BDE-BE9C-AEE331DDA650}.Release|Any CPU.Build.0 = Release|Any CPU
		{E3B4C823-61D7-4BDE-BE9C-AEE331DDA650}.Release|ARM.ActiveCfg = Release|Any CPU
		{E3B4C823-61D7-4BDE-BE9C-AEE331DDA650}.Release|ARM.Build.0 = Release|Any CPU
		{E3B4C823-61D7-4BDE-BE9C-AEE331DDA650}.Release|iPhone.ActiveCfg = Release|Any CPU
		{E3B4C823-61D7-4BDE-BE9C-AEE331DDA650}.Release|iPhone.Build.0 = Release|Any CPU
		{E3B4C823-61D7-4BDE-BE9C-AEE331DDA650}.Release|iPhoneSimulator.ActiveCfg = Release|Any CPU
		{E3B4C823-61D7-4BDE-BE9C-AEE331DDA650}.Release|iPhoneSimulator.Build.0 = Release|Any CPU
		{E3B4C823-61D7-4BDE-BE9C-AEE331DDA650}.Release|x64.ActiveCfg = Release|Any CPU
		{E3B4C823-61D7-4BDE-BE9C-AEE331DDA650}.Release|x64.Build.0 = Release|Any CPU
		{E3B4C823-61D7-4BDE-BE9C-AEE331DDA650}.Release|x86.ActiveCfg = Release|Any CPU
		{E3B4C823-61D7-4BDE-BE9C-AEE331DDA650}.Release|x86.Build.0 = Release|Any CPU
		{5F2A1143-7937-46DF-8440-67CBE994F0C9}.Ad-Hoc|Any CPU.ActiveCfg = Release|x86
		{5F2A1143-7937-46DF-8440-67CBE994F0C9}.Ad-Hoc|Any CPU.Build.0 = Release|x86
		{5F2A1143-7937-46DF-8440-67CBE994F0C9}.Ad-Hoc|Any CPU.Deploy.0 = Release|x86
		{5F2A1143-7937-46DF-8440-67CBE994F0C9}.Ad-Hoc|ARM.ActiveCfg = Release|ARM
		{5F2A1143-7937-46DF-8440-67CBE994F0C9}.Ad-Hoc|ARM.Build.0 = Release|ARM
		{5F2A1143-7937-46DF-8440-67CBE994F0C9}.Ad-Hoc|ARM.Deploy.0 = Release|ARM
		{5F2A1143-7937-46DF-8440-67CBE994F0C9}.Ad-Hoc|iPhone.ActiveCfg = Release|x86
		{5F2A1143-7937-46DF-8440-67CBE994F0C9}.Ad-Hoc|iPhone.Build.0 = Release|x86
		{5F2A1143-7937-46DF-8440-67CBE994F0C9}.Ad-Hoc|iPhone.Deploy.0 = Release|x86
		{5F2A1143-7937-46DF-8440-67CBE994F0C9}.Ad-Hoc|iPhoneSimulator.ActiveCfg = Release|x86
		{5F2A1143-7937-46DF-8440-67CBE994F0C9}.Ad-Hoc|iPhoneSimulator.Build.0 = Release|x86
		{5F2A1143-7937-46DF-8440-67CBE994F0C9}.Ad-Hoc|iPhoneSimulator.Deploy.0 = Release|x86
		{5F2A1143-7937-46DF-8440-67CBE994F0C9}.Ad-Hoc|x64.ActiveCfg = Release|x64
		{5F2A1143-7937-46DF-8440-67CBE994F0C9}.Ad-Hoc|x64.Build.0 = Release|x64
		{5F2A1143-7937-46DF-8440-67CBE994F0C9}.Ad-Hoc|x64.Deploy.0 = Release|x64
		{5F2A1143-7937-46DF-8440-67CBE994F0C9}.Ad-Hoc|x86.ActiveCfg = Release|x86
		{5F2A1143-7937-46DF-8440-67CBE994F0C9}.Ad-Hoc|x86.Build.0 = Release|x86
		{5F2A1143-7937-46DF-8440-67CBE994F0C9}.Ad-Hoc|x86.Deploy.0 = Release|x86
		{5F2A1143-7937-46DF-8440-67CBE994F0C9}.AppStore|Any CPU.ActiveCfg = Release|x86
		{5F2A1143-7937-46DF-8440-67CBE994F0C9}.AppStore|Any CPU.Build.0 = Release|x86
		{5F2A1143-7937-46DF-8440-67CBE994F0C9}.AppStore|Any CPU.Deploy.0 = Release|x86
		{5F2A1143-7937-46DF-8440-67CBE994F0C9}.AppStore|ARM.ActiveCfg = Release|ARM
		{5F2A1143-7937-46DF-8440-67CBE994F0C9}.AppStore|ARM.Build.0 = Release|ARM
		{5F2A1143-7937-46DF-8440-67CBE994F0C9}.AppStore|ARM.Deploy.0 = Release|ARM
		{5F2A1143-7937-46DF-8440-67CBE994F0C9}.AppStore|iPhone.ActiveCfg = Release|x86
		{5F2A1143-7937-46DF-8440-67CBE994F0C9}.AppStore|iPhone.Build.0 = Release|x86
		{5F2A1143-7937-46DF-8440-67CBE994F0C9}.AppStore|iPhone.Deploy.0 = Release|x86
		{5F2A1143-7937-46DF-8440-67CBE994F0C9}.AppStore|iPhoneSimulator.ActiveCfg = Release|x86
		{5F2A1143-7937-46DF-8440-67CBE994F0C9}.AppStore|iPhoneSimulator.Build.0 = Release|x86
		{5F2A1143-7937-46DF-8440-67CBE994F0C9}.AppStore|iPhoneSimulator.Deploy.0 = Release|x86
		{5F2A1143-7937-46DF-8440-67CBE994F0C9}.AppStore|x64.ActiveCfg = Release|x64
		{5F2A1143-7937-46DF-8440-67CBE994F0C9}.AppStore|x64.Build.0 = Release|x64
		{5F2A1143-7937-46DF-8440-67CBE994F0C9}.AppStore|x64.Deploy.0 = Release|x64
		{5F2A1143-7937-46DF-8440-67CBE994F0C9}.AppStore|x86.ActiveCfg = Release|x86
		{5F2A1143-7937-46DF-8440-67CBE994F0C9}.AppStore|x86.Build.0 = Release|x86
		{5F2A1143-7937-46DF-8440-67CBE994F0C9}.AppStore|x86.Deploy.0 = Release|x86
		{5F2A1143-7937-46DF-8440-67CBE994F0C9}.Debug|Any CPU.ActiveCfg = Debug|x86
		{5F2A1143-7937-46DF-8440-67CBE994F0C9}.Debug|Any CPU.Build.0 = Debug|x86
		{5F2A1143-7937-46DF-8440-67CBE994F0C9}.Debug|Any CPU.Deploy.0 = Debug|x86
		{5F2A1143-7937-46DF-8440-67CBE994F0C9}.Debug|ARM.ActiveCfg = Debug|ARM
		{5F2A1143-7937-46DF-8440-67CBE994F0C9}.Debug|ARM.Build.0 = Debug|ARM
		{5F2A1143-7937-46DF-8440-67CBE994F0C9}.Debug|ARM.Deploy.0 = Debug|ARM
		{5F2A1143-7937-46DF-8440-67CBE994F0C9}.Debug|iPhone.ActiveCfg = Debug|x86
		{5F2A1143-7937-46DF-8440-67CBE994F0C9}.Debug|iPhoneSimulator.ActiveCfg = Debug|x86
		{5F2A1143-7937-46DF-8440-67CBE994F0C9}.Debug|x64.ActiveCfg = Debug|x64
		{5F2A1143-7937-46DF-8440-67CBE994F0C9}.Debug|x64.Build.0 = Debug|x64
		{5F2A1143-7937-46DF-8440-67CBE994F0C9}.Debug|x64.Deploy.0 = Debug|x64
		{5F2A1143-7937-46DF-8440-67CBE994F0C9}.Debug|x86.ActiveCfg = Debug|x86
		{5F2A1143-7937-46DF-8440-67CBE994F0C9}.Debug|x86.Build.0 = Debug|x86
		{5F2A1143-7937-46DF-8440-67CBE994F0C9}.Debug|x86.Deploy.0 = Debug|x86
		{5F2A1143-7937-46DF-8440-67CBE994F0C9}.Release|Any CPU.ActiveCfg = Release|x86
		{5F2A1143-7937-46DF-8440-67CBE994F0C9}.Release|Any CPU.Build.0 = Release|x86
		{5F2A1143-7937-46DF-8440-67CBE994F0C9}.Release|Any CPU.Deploy.0 = Release|x86
		{5F2A1143-7937-46DF-8440-67CBE994F0C9}.Release|ARM.ActiveCfg = Release|ARM
		{5F2A1143-7937-46DF-8440-67CBE994F0C9}.Release|ARM.Build.0 = Release|ARM
		{5F2A1143-7937-46DF-8440-67CBE994F0C9}.Release|ARM.Deploy.0 = Release|ARM
		{5F2A1143-7937-46DF-8440-67CBE994F0C9}.Release|iPhone.ActiveCfg = Release|x86
		{5F2A1143-7937-46DF-8440-67CBE994F0C9}.Release|iPhoneSimulator.ActiveCfg = Release|x86
		{5F2A1143-7937-46DF-8440-67CBE994F0C9}.Release|x64.ActiveCfg = Release|x64
		{5F2A1143-7937-46DF-8440-67CBE994F0C9}.Release|x64.Build.0 = Release|x64
		{5F2A1143-7937-46DF-8440-67CBE994F0C9}.Release|x64.Deploy.0 = Release|x64
		{5F2A1143-7937-46DF-8440-67CBE994F0C9}.Release|x86.ActiveCfg = Release|x86
		{5F2A1143-7937-46DF-8440-67CBE994F0C9}.Release|x86.Build.0 = Release|x86
		{5F2A1143-7937-46DF-8440-67CBE994F0C9}.Release|x86.Deploy.0 = Release|x86
		{DDE01DE9-D390-4A29-95E6-55FD4B2884E4}.Ad-Hoc|Any CPU.ActiveCfg = Ad-Hoc|iPhone
		{DDE01DE9-D390-4A29-95E6-55FD4B2884E4}.Ad-Hoc|ARM.ActiveCfg = Ad-Hoc|iPhone
		{DDE01DE9-D390-4A29-95E6-55FD4B2884E4}.Ad-Hoc|iPhone.ActiveCfg = Ad-Hoc|iPhone
		{DDE01DE9-D390-4A29-95E6-55FD4B2884E4}.Ad-Hoc|iPhone.Build.0 = Ad-Hoc|iPhone
		{DDE01DE9-D390-4A29-95E6-55FD4B2884E4}.Ad-Hoc|iPhoneSimulator.ActiveCfg = Ad-Hoc|iPhoneSimulator
		{DDE01DE9-D390-4A29-95E6-55FD4B2884E4}.Ad-Hoc|iPhoneSimulator.Build.0 = Ad-Hoc|iPhoneSimulator
		{DDE01DE9-D390-4A29-95E6-55FD4B2884E4}.Ad-Hoc|x64.ActiveCfg = Ad-Hoc|iPhone
		{DDE01DE9-D390-4A29-95E6-55FD4B2884E4}.Ad-Hoc|x86.ActiveCfg = Ad-Hoc|iPhone
		{DDE01DE9-D390-4A29-95E6-55FD4B2884E4}.AppStore|Any CPU.ActiveCfg = AppStore|iPhone
		{DDE01DE9-D390-4A29-95E6-55FD4B2884E4}.AppStore|ARM.ActiveCfg = AppStore|iPhone
		{DDE01DE9-D390-4A29-95E6-55FD4B2884E4}.AppStore|iPhone.ActiveCfg = AppStore|iPhone
		{DDE01DE9-D390-4A29-95E6-55FD4B2884E4}.AppStore|iPhone.Build.0 = AppStore|iPhone
		{DDE01DE9-D390-4A29-95E6-55FD4B2884E4}.AppStore|iPhoneSimulator.ActiveCfg = AppStore|iPhoneSimulator
		{DDE01DE9-D390-4A29-95E6-55FD4B2884E4}.AppStore|iPhoneSimulator.Build.0 = AppStore|iPhoneSimulator
		{DDE01DE9-D390-4A29-95E6-55FD4B2884E4}.AppStore|x64.ActiveCfg = AppStore|iPhone
		{DDE01DE9-D390-4A29-95E6-55FD4B2884E4}.AppStore|x86.ActiveCfg = AppStore|iPhone
		{DDE01DE9-D390-4A29-95E6-55FD4B2884E4}.Debug|Any CPU.ActiveCfg = Debug|iPhone
		{DDE01DE9-D390-4A29-95E6-55FD4B2884E4}.Debug|Any CPU.Build.0 = Debug|iPhone
		{DDE01DE9-D390-4A29-95E6-55FD4B2884E4}.Debug|ARM.ActiveCfg = Debug|iPhone
		{DDE01DE9-D390-4A29-95E6-55FD4B2884E4}.Debug|iPhone.ActiveCfg = Debug|iPhone
		{DDE01DE9-D390-4A29-95E6-55FD4B2884E4}.Debug|iPhone.Build.0 = Debug|iPhone
		{DDE01DE9-D390-4A29-95E6-55FD4B2884E4}.Debug|iPhoneSimulator.ActiveCfg = Debug|iPhoneSimulator
		{DDE01DE9-D390-4A29-95E6-55FD4B2884E4}.Debug|iPhoneSimulator.Build.0 = Debug|iPhoneSimulator
		{DDE01DE9-D390-4A29-95E6-55FD4B2884E4}.Debug|x64.ActiveCfg = Debug|iPhone
		{DDE01DE9-D390-4A29-95E6-55FD4B2884E4}.Debug|x86.ActiveCfg = Debug|iPhone
		{DDE01DE9-D390-4A29-95E6-55FD4B2884E4}.Release|Any CPU.ActiveCfg = Release|iPhone
		{DDE01DE9-D390-4A29-95E6-55FD4B2884E4}.Release|Any CPU.Build.0 = Release|iPhone
		{DDE01DE9-D390-4A29-95E6-55FD4B2884E4}.Release|ARM.ActiveCfg = Release|iPhone
		{DDE01DE9-D390-4A29-95E6-55FD4B2884E4}.Release|iPhone.ActiveCfg = Release|iPhone
		{DDE01DE9-D390-4A29-95E6-55FD4B2884E4}.Release|iPhone.Build.0 = Release|iPhone
		{DDE01DE9-D390-4A29-95E6-55FD4B2884E4}.Release|iPhoneSimulator.ActiveCfg = Release|iPhoneSimulator
		{DDE01DE9-D390-4A29-95E6-55FD4B2884E4}.Release|iPhoneSimulator.Build.0 = Release|iPhoneSimulator
		{DDE01DE9-D390-4A29-95E6-55FD4B2884E4}.Release|x64.ActiveCfg = Release|iPhone
		{DDE01DE9-D390-4A29-95E6-55FD4B2884E4}.Release|x86.ActiveCfg = Release|iPhone
	EndGlobalSection
	GlobalSection(SolutionProperties) = preSolution
		HideSolutionNode = FALSE
	EndGlobalSection
	GlobalSection(NestedProjects) = preSolution
		{CA34F53E-A063-4A43-A57A-DBDB4D8618AF} = {0CD8449B-97D3-45BA-AE24-B968286EBE52}
		{D37C6CED-2E6D-4553-B9A7-3333FB78369B} = {D3540CEA-2C8C-4D77-8C0B-06B2E9438423}
		{8FA2562B-E003-474E-895F-1F9882726E1B} = {F3D4E2FD-3393-4856-9217-2C857A2E6786}
		{E3B4C823-61D7-4BDE-BE9C-AEE331DDA650} = {F3D4E2FD-3393-4856-9217-2C857A2E6786}
		{5F2A1143-7937-46DF-8440-67CBE994F0C9} = {F3D4E2FD-3393-4856-9217-2C857A2E6786}
		{DDE01DE9-D390-4A29-95E6-55FD4B2884E4} = {F3D4E2FD-3393-4856-9217-2C857A2E6786}
	EndGlobalSection
EndGlobal
