
Microsoft Visual Studio Solution File, Format Version 12.00
# Visual Studio 15
VisualStudioVersion = 15.0.26228.10
MinimumVisualStudioVersion = 10.0.40219.1
Project("{FAE04EC0-301F-11D3-BF4B-00C04F79EFBC}") = "SmartPS.Creator", "SmartPS.Creator\SmartPS.Creator.csproj", "{CA34F53E-A063-4A43-A57A-DBDB4D8618AF}"
EndProject
Project("{FAE04EC0-301F-11D3-BF4B-00C04F79EFBC}") = "SmartPS.Shared", "SmartPS.Shared\SmartPS.Shared.csproj", "{67F9D3A8-F71E-4428-913F-C37AE82CDB24}"
EndProject
Project("{FAE04EC0-301F-11D3-BF4B-00C04F79EFBC}") = "SmartPS.WebAPI", "SmartPS.WebAPI\SmartPS.WebAPI.csproj", "{D37C6CED-2E6D-4553-B9A7-3333FB78369B}"
EndProject
Project("{2150E333-8FDC-42A3-9474-1A3956D46DE8}") = "Viewer", "Viewer", "{F3D4E2FD-3393-4856-9217-2C857A2E6786}"
EndProject
Project("{2150E333-8FDC-42A3-9474-1A3956D46DE8}") = "Creator", "Creator", "{0CD8449B-97D3-45BA-AE24-B968286EBE52}"
EndProject
Project("{2150E333-8FDC-42A3-9474-1A3956D46DE8}") = "Server", "Server", "{D3540CEA-2C8C-4D77-8C0B-06B2E9438423}"
EndProject
Project("{FAE04EC0-301F-11D3-BF4B-00C04F79EFBC}") = "SmartPS.Viewer.Android", "SmartPS.Viewer\SmartPS.Viewer.Android\SmartPS.Viewer.Android.csproj", "{91FB360A-E3A7-4647-B5C9-9E01A7181D93}"
EndProject
Project("{FAE04EC0-301F-11D3-BF4B-00C04F79EFBC}") = "SmartPS.Viewer", "SmartPS.Viewer\SmartPS.Viewer\SmartPS.Viewer.csproj", "{977A9E49-9AA0-444F-8ECC-84D1BC38626F}"
EndProject
Project("{FAE04EC0-301F-11D3-BF4B-00C04F79EFBC}") = "SmartPS.Viewer.UWP", "SmartPS.Viewer\SmartPS.Viewer.UWP\SmartPS.Viewer.UWP.csproj", "{C7F31B3C-2904-4798-AD74-C8C0059B938C}"
EndProject
Project("{FAE04EC0-301F-11D3-BF4B-00C04F79EFBC}") = "SmartPS.Viewer.iOS", "SmartPS.Viewer\SmartPS.Viewer.iOS\SmartPS.Viewer.iOS.csproj", "{4B1D6C78-0774-4112-A556-F14F4C0B7033}"
EndProject
Global
	GlobalSection(SolutionConfigurationPlatforms) = preSolution
		Ad-Hoc|Any CPU = Ad-Hoc|Any CPU
		Ad-Hoc|ARM = Ad-Hoc|ARM
		Ad-Hoc|iPhone = Ad-Hoc|iPhone
		Ad-Hoc|iPhoneSimulator = Ad-Hoc|iPhoneSimulator
		Ad-Hoc|x64 = Ad-Hoc|x64
		Ad-Hoc|x86 = Ad-Hoc|x86
		AppStore|Any CPU = AppStore|Any CPU
		AppStore|ARM = AppStore|ARM
		AppStore|iPhone = AppStore|iPhone
		AppStore|iPhoneSimulator = AppStore|iPhoneSimulator
		AppStore|x64 = AppStore|x64
		AppStore|x86 = AppStore|x86
		Debug|Any CPU = Debug|Any CPU
		Debug|ARM = Debug|ARM
		Debug|iPhone = Debug|iPhone
		Debug|iPhoneSimulator = Debug|iPhoneSimulator
		Debug|x64 = Debug|x64
		Debug|x86 = Debug|x86
		Release|Any CPU = Release|Any CPU
		Release|ARM = Release|ARM
		Release|iPhone = Release|iPhone
		Release|iPhoneSimulator = Release|iPhoneSimulator
		Release|x64 = Release|x64
		Release|x86 = Release|x86
	EndGlobalSection
	GlobalSection(ProjectConfigurationPlatforms) = postSolution
		{CA34F53E-A063-4A43-A57A-DBDB4D8618AF}.Ad-Hoc|Any CPU.ActiveCfg = Release|x64
		{CA34F53E-A063-4A43-A57A-DBDB4D8618AF}.Ad-Hoc|Any CPU.Build.0 = Release|x64
		{CA34F53E-A063-4A43-A57A-DBDB4D8618AF}.Ad-Hoc|Any CPU.Deploy.0 = Release|x64
		{CA34F53E-A063-4A43-A57A-DBDB4D8618AF}.Ad-Hoc|ARM.ActiveCfg = Release|ARM
		{CA34F53E-A063-4A43-A57A-DBDB4D8618AF}.Ad-Hoc|ARM.Build.0 = Release|ARM
		{CA34F53E-A063-4A43-A57A-DBDB4D8618AF}.Ad-Hoc|ARM.Deploy.0 = Release|ARM
		{CA34F53E-A063-4A43-A57A-DBDB4D8618AF}.Ad-Hoc|iPhone.ActiveCfg = Release|x64
		{CA34F53E-A063-4A43-A57A-DBDB4D8618AF}.Ad-Hoc|iPhone.Build.0 = Release|x64
		{CA34F53E-A063-4A43-A57A-DBDB4D8618AF}.Ad-Hoc|iPhone.Deploy.0 = Release|x64
		{CA34F53E-A063-4A43-A57A-DBDB4D8618AF}.Ad-Hoc|iPhoneSimulator.ActiveCfg = Release|x64
		{CA34F53E-A063-4A43-A57A-DBDB4D8618AF}.Ad-Hoc|iPhoneSimulator.Build.0 = Release|x64
		{CA34F53E-A063-4A43-A57A-DBDB4D8618AF}.Ad-Hoc|iPhoneSimulator.Deploy.0 = Release|x64
		{CA34F53E-A063-4A43-A57A-DBDB4D8618AF}.Ad-Hoc|x64.ActiveCfg = Release|x64
		{CA34F53E-A063-4A43-A57A-DBDB4D8618AF}.Ad-Hoc|x64.Build.0 = Release|x64
		{CA34F53E-A063-4A43-A57A-DBDB4D8618AF}.Ad-Hoc|x64.Deploy.0 = Release|x64
		{CA34F53E-A063-4A43-A57A-DBDB4D8618AF}.Ad-Hoc|x86.ActiveCfg = Release|x86
		{CA34F53E-A063-4A43-A57A-DBDB4D8618AF}.Ad-Hoc|x86.Build.0 = Release|x86
		{CA34F53E-A063-4A43-A57A-DBDB4D8618AF}.Ad-Hoc|x86.Deploy.0 = Release|x86
		{CA34F53E-A063-4A43-A57A-DBDB4D8618AF}.AppStore|Any CPU.ActiveCfg = Release|x64
		{CA34F53E-A063-4A43-A57A-DBDB4D8618AF}.AppStore|Any CPU.Build.0 = Release|x64
		{CA34F53E-A063-4A43-A57A-DBDB4D8618AF}.AppStore|Any CPU.Deploy.0 = Release|x64
		{CA34F53E-A063-4A43-A57A-DBDB4D8618AF}.AppStore|ARM.ActiveCfg = Release|ARM
		{CA34F53E-A063-4A43-A57A-DBDB4D8618AF}.AppStore|ARM.Build.0 = Release|ARM
		{CA34F53E-A063-4A43-A57A-DBDB4D8618AF}.AppStore|ARM.Deploy.0 = Release|ARM
		{CA34F53E-A063-4A43-A57A-DBDB4D8618AF}.AppStore|iPhone.ActiveCfg = Release|x64
		{CA34F53E-A063-4A43-A57A-DBDB4D8618AF}.AppStore|iPhone.Build.0 = Release|x64
		{CA34F53E-A063-4A43-A57A-DBDB4D8618AF}.AppStore|iPhone.Deploy.0 = Release|x64
		{CA34F53E-A063-4A43-A57A-DBDB4D8618AF}.AppStore|iPhoneSimulator.ActiveCfg = Release|x64
		{CA34F53E-A063-4A43-A57A-DBDB4D8618AF}.AppStore|iPhoneSimulator.Build.0 = Release|x64
		{CA34F53E-A063-4A43-A57A-DBDB4D8618AF}.AppStore|iPhoneSimulator.Deploy.0 = Release|x64
		{CA34F53E-A063-4A43-A57A-DBDB4D8618AF}.AppStore|x64.ActiveCfg = Release|x64
		{CA34F53E-A063-4A43-A57A-DBDB4D8618AF}.AppStore|x64.Build.0 = Release|x64
		{CA34F53E-A063-4A43-A57A-DBDB4D8618AF}.AppStore|x64.Deploy.0 = Release|x64
		{CA34F53E-A063-4A43-A57A-DBDB4D8618AF}.AppStore|x86.ActiveCfg = Release|x86
		{CA34F53E-A063-4A43-A57A-DBDB4D8618AF}.AppStore|x86.Build.0 = Release|x86
		{CA34F53E-A063-4A43-A57A-DBDB4D8618AF}.AppStore|x86.Deploy.0 = Release|x86
		{CA34F53E-A063-4A43-A57A-DBDB4D8618AF}.Debug|Any CPU.ActiveCfg = Debug|x86
		{CA34F53E-A063-4A43-A57A-DBDB4D8618AF}.Debug|ARM.ActiveCfg = Debug|ARM
		{CA34F53E-A063-4A43-A57A-DBDB4D8618AF}.Debug|ARM.Build.0 = Debug|ARM
		{CA34F53E-A063-4A43-A57A-DBDB4D8618AF}.Debug|ARM.Deploy.0 = Debug|ARM
		{CA34F53E-A063-4A43-A57A-DBDB4D8618AF}.Debug|iPhone.ActiveCfg = Debug|x86
		{CA34F53E-A063-4A43-A57A-DBDB4D8618AF}.Debug|iPhoneSimulator.ActiveCfg = Debug|x86
		{CA34F53E-A063-4A43-A57A-DBDB4D8618AF}.Debug|x64.ActiveCfg = Debug|x64
		{CA34F53E-A063-4A43-A57A-DBDB4D8618AF}.Debug|x64.Build.0 = Debug|x64
		{CA34F53E-A063-4A43-A57A-DBDB4D8618AF}.Debug|x64.Deploy.0 = Debug|x64
		{CA34F53E-A063-4A43-A57A-DBDB4D8618AF}.Debug|x86.ActiveCfg = Debug|x86
		{CA34F53E-A063-4A43-A57A-DBDB4D8618AF}.Debug|x86.Build.0 = Debug|x86
		{CA34F53E-A063-4A43-A57A-DBDB4D8618AF}.Debug|x86.Deploy.0 = Debug|x86
		{CA34F53E-A063-4A43-A57A-DBDB4D8618AF}.Release|Any CPU.ActiveCfg = Release|x86
		{CA34F53E-A063-4A43-A57A-DBDB4D8618AF}.Release|ARM.ActiveCfg = Release|ARM
		{CA34F53E-A063-4A43-A57A-DBDB4D8618AF}.Release|ARM.Build.0 = Release|ARM
		{CA34F53E-A063-4A43-A57A-DBDB4D8618AF}.Release|ARM.Deploy.0 = Release|ARM
		{CA34F53E-A063-4A43-A57A-DBDB4D8618AF}.Release|iPhone.ActiveCfg = Release|x86
		{CA34F53E-A063-4A43-A57A-DBDB4D8618AF}.Release|iPhoneSimulator.ActiveCfg = Release|x86
		{CA34F53E-A063-4A43-A57A-DBDB4D8618AF}.Release|x64.ActiveCfg = Release|x64
		{CA34F53E-A063-4A43-A57A-DBDB4D8618AF}.Release|x64.Build.0 = Release|x64
		{CA34F53E-A063-4A43-A57A-DBDB4D8618AF}.Release|x64.Deploy.0 = Release|x64
		{CA34F53E-A063-4A43-A57A-DBDB4D8618AF}.Release|x86.ActiveCfg = Release|x86
		{CA34F53E-A063-4A43-A57A-DBDB4D8618AF}.Release|x86.Build.0 = Release|x86
		{CA34F53E-A063-4A43-A57A-DBDB4D8618AF}.Release|x86.Deploy.0 = Release|x86
		{67F9D3A8-F71E-4428-913F-C37AE82CDB24}.Ad-Hoc|Any CPU.ActiveCfg = Release|Any CPU
		{67F9D3A8-F71E-4428-913F-C37AE82CDB24}.Ad-Hoc|Any CPU.Build.0 = Release|Any CPU
		{67F9D3A8-F71E-4428-913F-C37AE82CDB24}.Ad-Hoc|ARM.ActiveCfg = Release|Any CPU
		{67F9D3A8-F71E-4428-913F-C37AE82CDB24}.Ad-Hoc|ARM.Build.0 = Release|Any CPU
		{67F9D3A8-F71E-4428-913F-C37AE82CDB24}.Ad-Hoc|iPhone.ActiveCfg = Release|Any CPU
		{67F9D3A8-F71E-4428-913F-C37AE82CDB24}.Ad-Hoc|iPhone.Build.0 = Release|Any CPU
		{67F9D3A8-F71E-4428-913F-C37AE82CDB24}.Ad-Hoc|iPhoneSimulator.ActiveCfg = Release|Any CPU
		{67F9D3A8-F71E-4428-913F-C37AE82CDB24}.Ad-Hoc|iPhoneSimulator.Build.0 = Release|Any CPU
		{67F9D3A8-F71E-4428-913F-C37AE82CDB24}.Ad-Hoc|x64.ActiveCfg = Release|Any CPU
		{67F9D3A8-F71E-4428-913F-C37AE82CDB24}.Ad-Hoc|x64.Build.0 = Release|Any CPU
		{67F9D3A8-F71E-4428-913F-C37AE82CDB24}.Ad-Hoc|x86.ActiveCfg = Release|Any CPU
		{67F9D3A8-F71E-4428-913F-C37AE82CDB24}.Ad-Hoc|x86.Build.0 = Release|Any CPU
		{67F9D3A8-F71E-4428-913F-C37AE82CDB24}.AppStore|Any CPU.ActiveCfg = Release|Any CPU
		{67F9D3A8-F71E-4428-913F-C37AE82CDB24}.AppStore|Any CPU.Build.0 = Release|Any CPU
		{67F9D3A8-F71E-4428-913F-C37AE82CDB24}.AppStore|ARM.ActiveCfg = Release|Any CPU
		{67F9D3A8-F71E-4428-913F-C37AE82CDB24}.AppStore|ARM.Build.0 = Release|Any CPU
		{67F9D3A8-F71E-4428-913F-C37AE82CDB24}.AppStore|iPhone.ActiveCfg = Release|Any CPU
		{67F9D3A8-F71E-4428-913F-C37AE82CDB24}.AppStore|iPhone.Build.0 = Release|Any CPU
		{67F9D3A8-F71E-4428-913F-C37AE82CDB24}.AppStore|iPhoneSimulator.ActiveCfg = Release|Any CPU
		{67F9D3A8-F71E-4428-913F-C37AE82CDB24}.AppStore|iPhoneSimulator.Build.0 = Release|Any CPU
		{67F9D3A8-F71E-4428-913F-C37AE82CDB24}.AppStore|x64.ActiveCfg = Release|Any CPU
		{67F9D3A8-F71E-4428-913F-C37AE82CDB24}.AppStore|x64.Build.0 = Release|Any CPU
		{67F9D3A8-F71E-4428-913F-C37AE82CDB24}.AppStore|x86.ActiveCfg = Release|Any CPU
		{67F9D3A8-F71E-4428-913F-C37AE82CDB24}.AppStore|x86.Build.0 = Release|Any CPU
		{67F9D3A8-F71E-4428-913F-C37AE82CDB24}.Debug|Any CPU.ActiveCfg = Debug|Any CPU
		{67F9D3A8-F71E-4428-913F-C37AE82CDB24}.Debug|Any CPU.Build.0 = Debug|Any CPU
		{67F9D3A8-F71E-4428-913F-C37AE82CDB24}.Debug|ARM.ActiveCfg = Debug|Any CPU
		{67F9D3A8-F71E-4428-913F-C37AE82CDB24}.Debug|ARM.Build.0 = Debug|Any CPU
		{67F9D3A8-F71E-4428-913F-C37AE82CDB24}.Debug|iPhone.ActiveCfg = Debug|Any CPU
		{67F9D3A8-F71E-4428-913F-C37AE82CDB24}.Debug|iPhone.Build.0 = Debug|Any CPU
		{67F9D3A8-F71E-4428-913F-C37AE82CDB24}.Debug|iPhoneSimulator.ActiveCfg = Debug|Any CPU
		{67F9D3A8-F71E-4428-913F-C37AE82CDB24}.Debug|iPhoneSimulator.Build.0 = Debug|Any CPU
		{67F9D3A8-F71E-4428-913F-C37AE82CDB24}.Debug|x64.ActiveCfg = Debug|Any CPU
		{67F9D3A8-F71E-4428-913F-C37AE82CDB24}.Debug|x64.Build.0 = Debug|Any CPU
		{67F9D3A8-F71E-4428-913F-C37AE82CDB24}.Debug|x86.ActiveCfg = Debug|Any CPU
		{67F9D3A8-F71E-4428-913F-C37AE82CDB24}.Debug|x86.Build.0 = Debug|Any CPU
		{67F9D3A8-F71E-4428-913F-C37AE82CDB24}.Release|Any CPU.ActiveCfg = Release|Any CPU
		{67F9D3A8-F71E-4428-913F-C37AE82CDB24}.Release|Any CPU.Build.0 = Release|Any CPU
		{67F9D3A8-F71E-4428-913F-C37AE82CDB24}.Release|ARM.ActiveCfg = Release|Any CPU
		{67F9D3A8-F71E-4428-913F-C37AE82CDB24}.Release|ARM.Build.0 = Release|Any CPU
		{67F9D3A8-F71E-4428-913F-C37AE82CDB24}.Release|iPhone.ActiveCfg = Release|Any CPU
		{67F9D3A8-F71E-4428-913F-C37AE82CDB24}.Release|iPhone.Build.0 = Release|Any CPU
		{67F9D3A8-F71E-4428-913F-C37AE82CDB24}.Release|iPhoneSimulator.ActiveCfg = Release|Any CPU
		{67F9D3A8-F71E-4428-913F-C37AE82CDB24}.Release|iPhoneSimulator.Build.0 = Release|Any CPU
		{67F9D3A8-F71E-4428-913F-C37AE82CDB24}.Release|x64.ActiveCfg = Release|Any CPU
		{67F9D3A8-F71E-4428-913F-C37AE82CDB24}.Release|x64.Build.0 = Release|Any CPU
		{67F9D3A8-F71E-4428-913F-C37AE82CDB24}.Release|x86.ActiveCfg = Release|Any CPU
		{67F9D3A8-F71E-4428-913F-C37AE82CDB24}.Release|x86.Build.0 = Release|Any CPU
		{D37C6CED-2E6D-4553-B9A7-3333FB78369B}.Ad-Hoc|Any CPU.ActiveCfg = Debug|Any CPU
		{D37C6CED-2E6D-4553-B9A7-3333FB78369B}.Ad-Hoc|Any CPU.Build.0 = Debug|Any CPU
		{D37C6CED-2E6D-4553-B9A7-3333FB78369B}.Ad-Hoc|ARM.ActiveCfg = Debug|Any CPU
		{D37C6CED-2E6D-4553-B9A7-3333FB78369B}.Ad-Hoc|ARM.Build.0 = Debug|Any CPU
		{D37C6CED-2E6D-4553-B9A7-3333FB78369B}.Ad-Hoc|iPhone.ActiveCfg = Debug|Any CPU
		{D37C6CED-2E6D-4553-B9A7-3333FB78369B}.Ad-Hoc|iPhone.Build.0 = Debug|Any CPU
		{D37C6CED-2E6D-4553-B9A7-3333FB78369B}.Ad-Hoc|iPhoneSimulator.ActiveCfg = Debug|Any CPU
		{D37C6CED-2E6D-4553-B9A7-3333FB78369B}.Ad-Hoc|iPhoneSimulator.Build.0 = Debug|Any CPU
		{D37C6CED-2E6D-4553-B9A7-3333FB78369B}.Ad-Hoc|x64.ActiveCfg = Debug|Any CPU
		{D37C6CED-2E6D-4553-B9A7-3333FB78369B}.Ad-Hoc|x64.Build.0 = Debug|Any CPU
		{D37C6CED-2E6D-4553-B9A7-3333FB78369B}.Ad-Hoc|x86.ActiveCfg = Debug|Any CPU
		{D37C6CED-2E6D-4553-B9A7-3333FB78369B}.Ad-Hoc|x86.Build.0 = Debug|Any CPU
		{D37C6CED-2E6D-4553-B9A7-3333FB78369B}.AppStore|Any CPU.ActiveCfg = Debug|Any CPU
		{D37C6CED-2E6D-4553-B9A7-3333FB78369B}.AppStore|Any CPU.Build.0 = Debug|Any CPU
		{D37C6CED-2E6D-4553-B9A7-3333FB78369B}.AppStore|ARM.ActiveCfg = Debug|Any CPU
		{D37C6CED-2E6D-4553-B9A7-3333FB78369B}.AppStore|ARM.Build.0 = Debug|Any CPU
		{D37C6CED-2E6D-4553-B9A7-3333FB78369B}.AppStore|iPhone.ActiveCfg = Debug|Any CPU
		{D37C6CED-2E6D-4553-B9A7-3333FB78369B}.AppStore|iPhone.Build.0 = Debug|Any CPU
		{D37C6CED-2E6D-4553-B9A7-3333FB78369B}.AppStore|iPhoneSimulator.ActiveCfg = Debug|Any CPU
		{D37C6CED-2E6D-4553-B9A7-3333FB78369B}.AppStore|iPhoneSimulator.Build.0 = Debug|Any CPU
		{D37C6CED-2E6D-4553-B9A7-3333FB78369B}.AppStore|x64.ActiveCfg = Debug|Any CPU
		{D37C6CED-2E6D-4553-B9A7-3333FB78369B}.AppStore|x64.Build.0 = Debug|Any CPU
		{D37C6CED-2E6D-4553-B9A7-3333FB78369B}.AppStore|x86.ActiveCfg = Debug|Any CPU
		{D37C6CED-2E6D-4553-B9A7-3333FB78369B}.AppStore|x86.Build.0 = Debug|Any CPU
		{D37C6CED-2E6D-4553-B9A7-3333FB78369B}.Debug|Any CPU.ActiveCfg = Debug|Any CPU
		{D37C6CED-2E6D-4553-B9A7-3333FB78369B}.Debug|Any CPU.Build.0 = Debug|Any CPU
		{D37C6CED-2E6D-4553-B9A7-3333FB78369B}.Debug|ARM.ActiveCfg = Debug|Any CPU
		{D37C6CED-2E6D-4553-B9A7-3333FB78369B}.Debug|ARM.Build.0 = Debug|Any CPU
		{D37C6CED-2E6D-4553-B9A7-3333FB78369B}.Debug|iPhone.ActiveCfg = Debug|Any CPU
		{D37C6CED-2E6D-4553-B9A7-3333FB78369B}.Debug|iPhone.Build.0 = Debug|Any CPU
		{D37C6CED-2E6D-4553-B9A7-3333FB78369B}.Debug|iPhoneSimulator.ActiveCfg = Debug|Any CPU
		{D37C6CED-2E6D-4553-B9A7-3333FB78369B}.Debug|iPhoneSimulator.Build.0 = Debug|Any CPU
		{D37C6CED-2E6D-4553-B9A7-3333FB78369B}.Debug|x64.ActiveCfg = Debug|Any CPU
		{D37C6CED-2E6D-4553-B9A7-3333FB78369B}.Debug|x64.Build.0 = Debug|Any CPU
		{D37C6CED-2E6D-4553-B9A7-3333FB78369B}.Debug|x86.ActiveCfg = Debug|Any CPU
		{D37C6CED-2E6D-4553-B9A7-3333FB78369B}.Debug|x86.Build.0 = Debug|Any CPU
		{D37C6CED-2E6D-4553-B9A7-3333FB78369B}.Release|Any CPU.ActiveCfg = Release|Any CPU
		{D37C6CED-2E6D-4553-B9A7-3333FB78369B}.Release|Any CPU.Build.0 = Release|Any CPU
		{D37C6CED-2E6D-4553-B9A7-3333FB78369B}.Release|ARM.ActiveCfg = Release|Any CPU
		{D37C6CED-2E6D-4553-B9A7-3333FB78369B}.Release|ARM.Build.0 = Release|Any CPU
		{D37C6CED-2E6D-4553-B9A7-3333FB78369B}.Release|iPhone.ActiveCfg = Release|Any CPU
		{D37C6CED-2E6D-4553-B9A7-3333FB78369B}.Release|iPhone.Build.0 = Release|Any CPU
		{D37C6CED-2E6D-4553-B9A7-3333FB78369B}.Release|iPhoneSimulator.ActiveCfg = Release|Any CPU
		{D37C6CED-2E6D-4553-B9A7-3333FB78369B}.Release|iPhoneSimulator.Build.0 = Release|Any CPU
		{D37C6CED-2E6D-4553-B9A7-3333FB78369B}.Release|x64.ActiveCfg = Release|Any CPU
		{D37C6CED-2E6D-4553-B9A7-3333FB78369B}.Release|x64.Build.0 = Release|Any CPU
		{D37C6CED-2E6D-4553-B9A7-3333FB78369B}.Release|x86.ActiveCfg = Release|Any CPU
		{D37C6CED-2E6D-4553-B9A7-3333FB78369B}.Release|x86.Build.0 = Release|Any CPU
		{91FB360A-E3A7-4647-B5C9-9E01A7181D93}.Ad-Hoc|Any CPU.ActiveCfg = Release|Any CPU
		{91FB360A-E3A7-4647-B5C9-9E01A7181D93}.Ad-Hoc|Any CPU.Build.0 = Release|Any CPU
		{91FB360A-E3A7-4647-B5C9-9E01A7181D93}.Ad-Hoc|Any CPU.Deploy.0 = Release|Any CPU
		{91FB360A-E3A7-4647-B5C9-9E01A7181D93}.Ad-Hoc|ARM.ActiveCfg = Release|Any CPU
		{91FB360A-E3A7-4647-B5C9-9E01A7181D93}.Ad-Hoc|ARM.Build.0 = Release|Any CPU
		{91FB360A-E3A7-4647-B5C9-9E01A7181D93}.Ad-Hoc|ARM.Deploy.0 = Release|Any CPU
		{91FB360A-E3A7-4647-B5C9-9E01A7181D93}.Ad-Hoc|iPhone.ActiveCfg = Release|Any CPU
		{91FB360A-E3A7-4647-B5C9-9E01A7181D93}.Ad-Hoc|iPhone.Build.0 = Release|Any CPU
		{91FB360A-E3A7-4647-B5C9-9E01A7181D93}.Ad-Hoc|iPhone.Deploy.0 = Release|Any CPU
		{91FB360A-E3A7-4647-B5C9-9E01A7181D93}.Ad-Hoc|iPhoneSimulator.ActiveCfg = Release|Any CPU
		{91FB360A-E3A7-4647-B5C9-9E01A7181D93}.Ad-Hoc|iPhoneSimulator.Build.0 = Release|Any CPU
		{91FB360A-E3A7-4647-B5C9-9E01A7181D93}.Ad-Hoc|iPhoneSimulator.Deploy.0 = Release|Any CPU
		{91FB360A-E3A7-4647-B5C9-9E01A7181D93}.Ad-Hoc|x64.ActiveCfg = Release|Any CPU
		{91FB360A-E3A7-4647-B5C9-9E01A7181D93}.Ad-Hoc|x64.Build.0 = Release|Any CPU
		{91FB360A-E3A7-4647-B5C9-9E01A7181D93}.Ad-Hoc|x64.Deploy.0 = Release|Any CPU
		{91FB360A-E3A7-4647-B5C9-9E01A7181D93}.Ad-Hoc|x86.ActiveCfg = Release|Any CPU
		{91FB360A-E3A7-4647-B5C9-9E01A7181D93}.Ad-Hoc|x86.Build.0 = Release|Any CPU
		{91FB360A-E3A7-4647-B5C9-9E01A7181D93}.Ad-Hoc|x86.Deploy.0 = Release|Any CPU
		{91FB360A-E3A7-4647-B5C9-9E01A7181D93}.AppStore|Any CPU.ActiveCfg = Release|Any CPU
		{91FB360A-E3A7-4647-B5C9-9E01A7181D93}.AppStore|Any CPU.Build.0 = Release|Any CPU
		{91FB360A-E3A7-4647-B5C9-9E01A7181D93}.AppStore|Any CPU.Deploy.0 = Release|Any CPU
		{91FB360A-E3A7-4647-B5C9-9E01A7181D93}.AppStore|ARM.ActiveCfg = Release|Any CPU
		{91FB360A-E3A7-4647-B5C9-9E01A7181D93}.AppStore|ARM.Build.0 = Release|Any CPU
		{91FB360A-E3A7-4647-B5C9-9E01A7181D93}.AppStore|ARM.Deploy.0 = Release|Any CPU
		{91FB360A-E3A7-4647-B5C9-9E01A7181D93}.AppStore|iPhone.ActiveCfg = Release|Any CPU
		{91FB360A-E3A7-4647-B5C9-9E01A7181D93}.AppStore|iPhone.Build.0 = Release|Any CPU
		{91FB360A-E3A7-4647-B5C9-9E01A7181D93}.AppStore|iPhone.Deploy.0 = Release|Any CPU
		{91FB360A-E3A7-4647-B5C9-9E01A7181D93}.AppStore|iPhoneSimulator.ActiveCfg = Release|Any CPU
		{91FB360A-E3A7-4647-B5C9-9E01A7181D93}.AppStore|iPhoneSimulator.Build.0 = Release|Any CPU
		{91FB360A-E3A7-4647-B5C9-9E01A7181D93}.AppStore|iPhoneSimulator.Deploy.0 = Release|Any CPU
		{91FB360A-E3A7-4647-B5C9-9E01A7181D93}.AppStore|x64.ActiveCfg = Release|Any CPU
		{91FB360A-E3A7-4647-B5C9-9E01A7181D93}.AppStore|x64.Build.0 = Release|Any CPU
		{91FB360A-E3A7-4647-B5C9-9E01A7181D93}.AppStore|x64.Deploy.0 = Release|Any CPU
		{91FB360A-E3A7-4647-B5C9-9E01A7181D93}.AppStore|x86.ActiveCfg = Release|Any CPU
		{91FB360A-E3A7-4647-B5C9-9E01A7181D93}.AppStore|x86.Build.0 = Release|Any CPU
		{91FB360A-E3A7-4647-B5C9-9E01A7181D93}.AppStore|x86.Deploy.0 = Release|Any CPU
		{91FB360A-E3A7-4647-B5C9-9E01A7181D93}.Debug|Any CPU.ActiveCfg = Debug|Any CPU
		{91FB360A-E3A7-4647-B5C9-9E01A7181D93}.Debug|Any CPU.Build.0 = Debug|Any CPU
		{91FB360A-E3A7-4647-B5C9-9E01A7181D93}.Debug|Any CPU.Deploy.0 = Debug|Any CPU
		{91FB360A-E3A7-4647-B5C9-9E01A7181D93}.Debug|ARM.ActiveCfg = Debug|Any CPU
		{91FB360A-E3A7-4647-B5C9-9E01A7181D93}.Debug|ARM.Build.0 = Debug|Any CPU
		{91FB360A-E3A7-4647-B5C9-9E01A7181D93}.Debug|ARM.Deploy.0 = Debug|Any CPU
		{91FB360A-E3A7-4647-B5C9-9E01A7181D93}.Debug|iPhone.ActiveCfg = Debug|Any CPU
		{91FB360A-E3A7-4647-B5C9-9E01A7181D93}.Debug|iPhone.Build.0 = Debug|Any CPU
		{91FB360A-E3A7-4647-B5C9-9E01A7181D93}.Debug|iPhone.Deploy.0 = Debug|Any CPU
		{91FB360A-E3A7-4647-B5C9-9E01A7181D93}.Debug|iPhoneSimulator.ActiveCfg = Debug|Any CPU
		{91FB360A-E3A7-4647-B5C9-9E01A7181D93}.Debug|iPhoneSimulator.Build.0 = Debug|Any CPU
		{91FB360A-E3A7-4647-B5C9-9E01A7181D93}.Debug|iPhoneSimulator.Deploy.0 = Debug|Any CPU
		{91FB360A-E3A7-4647-B5C9-9E01A7181D93}.Debug|x64.ActiveCfg = Debug|Any CPU
		{91FB360A-E3A7-4647-B5C9-9E01A7181D93}.Debug|x64.Build.0 = Debug|Any CPU
		{91FB360A-E3A7-4647-B5C9-9E01A7181D93}.Debug|x64.Deploy.0 = Debug|Any CPU
		{91FB360A-E3A7-4647-B5C9-9E01A7181D93}.Debug|x86.ActiveCfg = Debug|Any CPU
		{91FB360A-E3A7-4647-B5C9-9E01A7181D93}.Debug|x86.Build.0 = Debug|Any CPU
		{91FB360A-E3A7-4647-B5C9-9E01A7181D93}.Debug|x86.Deploy.0 = Debug|Any CPU
		{91FB360A-E3A7-4647-B5C9-9E01A7181D93}.Release|Any CPU.ActiveCfg = Release|Any CPU
		{91FB360A-E3A7-4647-B5C9-9E01A7181D93}.Release|Any CPU.Build.0 = Release|Any CPU
		{91FB360A-E3A7-4647-B5C9-9E01A7181D93}.Release|Any CPU.Deploy.0 = Release|Any CPU
		{91FB360A-E3A7-4647-B5C9-9E01A7181D93}.Release|ARM.ActiveCfg = Release|Any CPU
		{91FB360A-E3A7-4647-B5C9-9E01A7181D93}.Release|ARM.Build.0 = Release|Any CPU
		{91FB360A-E3A7-4647-B5C9-9E01A7181D93}.Release|ARM.Deploy.0 = Release|Any CPU
		{91FB360A-E3A7-4647-B5C9-9E01A7181D93}.Release|iPhone.ActiveCfg = Release|Any CPU
		{91FB360A-E3A7-4647-B5C9-9E01A7181D93}.Release|iPhone.Build.0 = Release|Any CPU
		{91FB360A-E3A7-4647-B5C9-9E01A7181D93}.Release|iPhone.Deploy.0 = Release|Any CPU
		{91FB360A-E3A7-4647-B5C9-9E01A7181D93}.Release|iPhoneSimulator.ActiveCfg = Release|Any CPU
		{91FB360A-E3A7-4647-B5C9-9E01A7181D93}.Release|iPhoneSimulator.Build.0 = Release|Any CPU
		{91FB360A-E3A7-4647-B5C9-9E01A7181D93}.Release|iPhoneSimulator.Deploy.0 = Release|Any CPU
		{91FB360A-E3A7-4647-B5C9-9E01A7181D93}.Release|x64.ActiveCfg = Release|Any CPU
		{91FB360A-E3A7-4647-B5C9-9E01A7181D93}.Release|x64.Build.0 = Release|Any CPU
		{91FB360A-E3A7-4647-B5C9-9E01A7181D93}.Release|x64.Deploy.0 = Release|Any CPU
		{91FB360A-E3A7-4647-B5C9-9E01A7181D93}.Release|x86.ActiveCfg = Release|Any CPU
		{91FB360A-E3A7-4647-B5C9-9E01A7181D93}.Release|x86.Build.0 = Release|Any CPU
		{91FB360A-E3A7-4647-B5C9-9E01A7181D93}.Release|x86.Deploy.0 = Release|Any CPU
		{977A9E49-9AA0-444F-8ECC-84D1BC38626F}.Ad-Hoc|Any CPU.ActiveCfg = Release|Any CPU
		{977A9E49-9AA0-444F-8ECC-84D1BC38626F}.Ad-Hoc|Any CPU.Build.0 = Release|Any CPU
		{977A9E49-9AA0-444F-8ECC-84D1BC38626F}.Ad-Hoc|ARM.ActiveCfg = Release|Any CPU
		{977A9E49-9AA0-444F-8ECC-84D1BC38626F}.Ad-Hoc|ARM.Build.0 = Release|Any CPU
		{977A9E49-9AA0-444F-8ECC-84D1BC38626F}.Ad-Hoc|iPhone.ActiveCfg = Release|Any CPU
		{977A9E49-9AA0-444F-8ECC-84D1BC38626F}.Ad-Hoc|iPhone.Build.0 = Release|Any CPU
		{977A9E49-9AA0-444F-8ECC-84D1BC38626F}.Ad-Hoc|iPhoneSimulator.ActiveCfg = Release|Any CPU
		{977A9E49-9AA0-444F-8ECC-84D1BC38626F}.Ad-Hoc|iPhoneSimulator.Build.0 = Release|Any CPU
		{977A9E49-9AA0-444F-8ECC-84D1BC38626F}.Ad-Hoc|x64.ActiveCfg = Release|Any CPU
		{977A9E49-9AA0-444F-8ECC-84D1BC38626F}.Ad-Hoc|x64.Build.0 = Release|Any CPU
		{977A9E49-9AA0-444F-8ECC-84D1BC38626F}.Ad-Hoc|x86.ActiveCfg = Release|Any CPU
		{977A9E49-9AA0-444F-8ECC-84D1BC38626F}.Ad-Hoc|x86.Build.0 = Release|Any CPU
		{977A9E49-9AA0-444F-8ECC-84D1BC38626F}.AppStore|Any CPU.ActiveCfg = Release|Any CPU
		{977A9E49-9AA0-444F-8ECC-84D1BC38626F}.AppStore|Any CPU.Build.0 = Release|Any CPU
		{977A9E49-9AA0-444F-8ECC-84D1BC38626F}.AppStore|ARM.ActiveCfg = Release|Any CPU
		{977A9E49-9AA0-444F-8ECC-84D1BC38626F}.AppStore|ARM.Build.0 = Release|Any CPU
		{977A9E49-9AA0-444F-8ECC-84D1BC38626F}.AppStore|iPhone.ActiveCfg = Release|Any CPU
		{977A9E49-9AA0-444F-8ECC-84D1BC38626F}.AppStore|iPhone.Build.0 = Release|Any CPU
		{977A9E49-9AA0-444F-8ECC-84D1BC38626F}.AppStore|iPhoneSimulator.ActiveCfg = Release|Any CPU
		{977A9E49-9AA0-444F-8ECC-84D1BC38626F}.AppStore|iPhoneSimulator.Build.0 = Release|Any CPU
		{977A9E49-9AA0-444F-8ECC-84D1BC38626F}.AppStore|x64.ActiveCfg = Release|Any CPU
		{977A9E49-9AA0-444F-8ECC-84D1BC38626F}.AppStore|x64.Build.0 = Release|Any CPU
		{977A9E49-9AA0-444F-8ECC-84D1BC38626F}.AppStore|x86.ActiveCfg = Release|Any CPU
		{977A9E49-9AA0-444F-8ECC-84D1BC38626F}.AppStore|x86.Build.0 = Release|Any CPU
		{977A9E49-9AA0-444F-8ECC-84D1BC38626F}.Debug|Any CPU.ActiveCfg = Debug|Any CPU
		{977A9E49-9AA0-444F-8ECC-84D1BC38626F}.Debug|Any CPU.Build.0 = Debug|Any CPU
		{977A9E49-9AA0-444F-8ECC-84D1BC38626F}.Debug|ARM.ActiveCfg = Debug|Any CPU
		{977A9E49-9AA0-444F-8ECC-84D1BC38626F}.Debug|ARM.Build.0 = Debug|Any CPU
		{977A9E49-9AA0-444F-8ECC-84D1BC38626F}.Debug|iPhone.ActiveCfg = Debug|Any CPU
		{977A9E49-9AA0-444F-8ECC-84D1BC38626F}.Debug|iPhone.Build.0 = Debug|Any CPU
		{977A9E49-9AA0-444F-8ECC-84D1BC38626F}.Debug|iPhoneSimulator.ActiveCfg = Debug|Any CPU
		{977A9E49-9AA0-444F-8ECC-84D1BC38626F}.Debug|iPhoneSimulator.Build.0 = Debug|Any CPU
		{977A9E49-9AA0-444F-8ECC-84D1BC38626F}.Debug|x64.ActiveCfg = Debug|Any CPU
		{977A9E49-9AA0-444F-8ECC-84D1BC38626F}.Debug|x64.Build.0 = Debug|Any CPU
		{977A9E49-9AA0-444F-8ECC-84D1BC38626F}.Debug|x86.ActiveCfg = Debug|Any CPU
		{977A9E49-9AA0-444F-8ECC-84D1BC38626F}.Debug|x86.Build.0 = Debug|Any CPU
		{977A9E49-9AA0-444F-8ECC-84D1BC38626F}.Release|Any CPU.ActiveCfg = Release|Any CPU
		{977A9E49-9AA0-444F-8ECC-84D1BC38626F}.Release|Any CPU.Build.0 = Release|Any CPU
		{977A9E49-9AA0-444F-8ECC-84D1BC38626F}.Release|ARM.ActiveCfg = Release|Any CPU
		{977A9E49-9AA0-444F-8ECC-84D1BC38626F}.Release|ARM.Build.0 = Release|Any CPU
		{977A9E49-9AA0-444F-8ECC-84D1BC38626F}.Release|iPhone.ActiveCfg = Release|Any CPU
		{977A9E49-9AA0-444F-8ECC-84D1BC38626F}.Release|iPhone.Build.0 = Release|Any CPU
		{977A9E49-9AA0-444F-8ECC-84D1BC38626F}.Release|iPhoneSimulator.ActiveCfg = Release|Any CPU
		{977A9E49-9AA0-444F-8ECC-84D1BC38626F}.Release|iPhoneSimulator.Build.0 = Release|Any CPU
		{977A9E49-9AA0-444F-8ECC-84D1BC38626F}.Release|x64.ActiveCfg = Release|Any CPU
		{977A9E49-9AA0-444F-8ECC-84D1BC38626F}.Release|x64.Build.0 = Release|Any CPU
		{977A9E49-9AA0-444F-8ECC-84D1BC38626F}.Release|x86.ActiveCfg = Release|Any CPU
		{977A9E49-9AA0-444F-8ECC-84D1BC38626F}.Release|x86.Build.0 = Release|Any CPU
		{C7F31B3C-2904-4798-AD74-C8C0059B938C}.Ad-Hoc|Any CPU.ActiveCfg = Release|x86
		{C7F31B3C-2904-4798-AD74-C8C0059B938C}.Ad-Hoc|Any CPU.Build.0 = Release|x86
		{C7F31B3C-2904-4798-AD74-C8C0059B938C}.Ad-Hoc|Any CPU.Deploy.0 = Release|x86
		{C7F31B3C-2904-4798-AD74-C8C0059B938C}.Ad-Hoc|ARM.ActiveCfg = Release|ARM
		{C7F31B3C-2904-4798-AD74-C8C0059B938C}.Ad-Hoc|ARM.Build.0 = Release|ARM
		{C7F31B3C-2904-4798-AD74-C8C0059B938C}.Ad-Hoc|ARM.Deploy.0 = Release|ARM
		{C7F31B3C-2904-4798-AD74-C8C0059B938C}.Ad-Hoc|iPhone.ActiveCfg = Release|x86
		{C7F31B3C-2904-4798-AD74-C8C0059B938C}.Ad-Hoc|iPhone.Build.0 = Release|x86
		{C7F31B3C-2904-4798-AD74-C8C0059B938C}.Ad-Hoc|iPhone.Deploy.0 = Release|x86
		{C7F31B3C-2904-4798-AD74-C8C0059B938C}.Ad-Hoc|iPhoneSimulator.ActiveCfg = Release|x86
		{C7F31B3C-2904-4798-AD74-C8C0059B938C}.Ad-Hoc|iPhoneSimulator.Build.0 = Release|x86
		{C7F31B3C-2904-4798-AD74-C8C0059B938C}.Ad-Hoc|iPhoneSimulator.Deploy.0 = Release|x86
		{C7F31B3C-2904-4798-AD74-C8C0059B938C}.Ad-Hoc|x64.ActiveCfg = Release|x64
		{C7F31B3C-2904-4798-AD74-C8C0059B938C}.Ad-Hoc|x64.Build.0 = Release|x64
		{C7F31B3C-2904-4798-AD74-C8C0059B938C}.Ad-Hoc|x64.Deploy.0 = Release|x64
		{C7F31B3C-2904-4798-AD74-C8C0059B938C}.Ad-Hoc|x86.ActiveCfg = Release|x86
		{C7F31B3C-2904-4798-AD74-C8C0059B938C}.Ad-Hoc|x86.Build.0 = Release|x86
		{C7F31B3C-2904-4798-AD74-C8C0059B938C}.Ad-Hoc|x86.Deploy.0 = Release|x86
		{C7F31B3C-2904-4798-AD74-C8C0059B938C}.AppStore|Any CPU.ActiveCfg = Release|x86
		{C7F31B3C-2904-4798-AD74-C8C0059B938C}.AppStore|Any CPU.Build.0 = Release|x86
		{C7F31B3C-2904-4798-AD74-C8C0059B938C}.AppStore|Any CPU.Deploy.0 = Release|x86
		{C7F31B3C-2904-4798-AD74-C8C0059B938C}.AppStore|ARM.ActiveCfg = Release|ARM
		{C7F31B3C-2904-4798-AD74-C8C0059B938C}.AppStore|ARM.Build.0 = Release|ARM
		{C7F31B3C-2904-4798-AD74-C8C0059B938C}.AppStore|ARM.Deploy.0 = Release|ARM
		{C7F31B3C-2904-4798-AD74-C8C0059B938C}.AppStore|iPhone.ActiveCfg = Release|x86
		{C7F31B3C-2904-4798-AD74-C8C0059B938C}.AppStore|iPhone.Build.0 = Release|x86
		{C7F31B3C-2904-4798-AD74-C8C0059B938C}.AppStore|iPhone.Deploy.0 = Release|x86
		{C7F31B3C-2904-4798-AD74-C8C0059B938C}.AppStore|iPhoneSimulator.ActiveCfg = Release|x86
		{C7F31B3C-2904-4798-AD74-C8C0059B938C}.AppStore|iPhoneSimulator.Build.0 = Release|x86
		{C7F31B3C-2904-4798-AD74-C8C0059B938C}.AppStore|iPhoneSimulator.Deploy.0 = Release|x86
		{C7F31B3C-2904-4798-AD74-C8C0059B938C}.AppStore|x64.ActiveCfg = Release|x64
		{C7F31B3C-2904-4798-AD74-C8C0059B938C}.AppStore|x64.Build.0 = Release|x64
		{C7F31B3C-2904-4798-AD74-C8C0059B938C}.AppStore|x64.Deploy.0 = Release|x64
		{C7F31B3C-2904-4798-AD74-C8C0059B938C}.AppStore|x86.ActiveCfg = Release|x86
		{C7F31B3C-2904-4798-AD74-C8C0059B938C}.AppStore|x86.Build.0 = Release|x86
		{C7F31B3C-2904-4798-AD74-C8C0059B938C}.AppStore|x86.Deploy.0 = Release|x86
		{C7F31B3C-2904-4798-AD74-C8C0059B938C}.Debug|Any CPU.ActiveCfg = Debug|x86
		{C7F31B3C-2904-4798-AD74-C8C0059B938C}.Debug|ARM.ActiveCfg = Debug|ARM
		{C7F31B3C-2904-4798-AD74-C8C0059B938C}.Debug|ARM.Build.0 = Debug|ARM
		{C7F31B3C-2904-4798-AD74-C8C0059B938C}.Debug|ARM.Deploy.0 = Debug|ARM
		{C7F31B3C-2904-4798-AD74-C8C0059B938C}.Debug|iPhone.ActiveCfg = Debug|x86
		{C7F31B3C-2904-4798-AD74-C8C0059B938C}.Debug|iPhoneSimulator.ActiveCfg = Debug|x86
		{C7F31B3C-2904-4798-AD74-C8C0059B938C}.Debug|x64.ActiveCfg = Debug|x64
		{C7F31B3C-2904-4798-AD74-C8C0059B938C}.Debug|x64.Build.0 = Debug|x64
		{C7F31B3C-2904-4798-AD74-C8C0059B938C}.Debug|x64.Deploy.0 = Debug|x64
		{C7F31B3C-2904-4798-AD74-C8C0059B938C}.Debug|x86.ActiveCfg = Debug|x86
		{C7F31B3C-2904-4798-AD74-C8C0059B938C}.Debug|x86.Build.0 = Debug|x86
		{C7F31B3C-2904-4798-AD74-C8C0059B938C}.Debug|x86.Deploy.0 = Debug|x86
		{C7F31B3C-2904-4798-AD74-C8C0059B938C}.Release|Any CPU.ActiveCfg = Release|x86
		{C7F31B3C-2904-4798-AD74-C8C0059B938C}.Release|ARM.ActiveCfg = Release|ARM
		{C7F31B3C-2904-4798-AD74-C8C0059B938C}.Release|ARM.Build.0 = Release|ARM
		{C7F31B3C-2904-4798-AD74-C8C0059B938C}.Release|ARM.Deploy.0 = Release|ARM
		{C7F31B3C-2904-4798-AD74-C8C0059B938C}.Release|iPhone.ActiveCfg = Release|x86
		{C7F31B3C-2904-4798-AD74-C8C0059B938C}.Release|iPhoneSimulator.ActiveCfg = Release|x86
		{C7F31B3C-2904-4798-AD74-C8C0059B938C}.Release|x64.ActiveCfg = Release|x64
		{C7F31B3C-2904-4798-AD74-C8C0059B938C}.Release|x64.Build.0 = Release|x64
		{C7F31B3C-2904-4798-AD74-C8C0059B938C}.Release|x64.Deploy.0 = Release|x64
		{C7F31B3C-2904-4798-AD74-C8C0059B938C}.Release|x86.ActiveCfg = Release|x86
		{C7F31B3C-2904-4798-AD74-C8C0059B938C}.Release|x86.Build.0 = Release|x86
		{C7F31B3C-2904-4798-AD74-C8C0059B938C}.Release|x86.Deploy.0 = Release|x86
		{4B1D6C78-0774-4112-A556-F14F4C0B7033}.Ad-Hoc|Any CPU.ActiveCfg = Ad-Hoc|iPhone
		{4B1D6C78-0774-4112-A556-F14F4C0B7033}.Ad-Hoc|ARM.ActiveCfg = Ad-Hoc|iPhone
		{4B1D6C78-0774-4112-A556-F14F4C0B7033}.Ad-Hoc|iPhone.ActiveCfg = Ad-Hoc|iPhone
		{4B1D6C78-0774-4112-A556-F14F4C0B7033}.Ad-Hoc|iPhone.Build.0 = Ad-Hoc|iPhone
		{4B1D6C78-0774-4112-A556-F14F4C0B7033}.Ad-Hoc|iPhoneSimulator.ActiveCfg = Ad-Hoc|iPhoneSimulator
		{4B1D6C78-0774-4112-A556-F14F4C0B7033}.Ad-Hoc|iPhoneSimulator.Build.0 = Ad-Hoc|iPhoneSimulator
		{4B1D6C78-0774-4112-A556-F14F4C0B7033}.Ad-Hoc|x64.ActiveCfg = Ad-Hoc|iPhone
		{4B1D6C78-0774-4112-A556-F14F4C0B7033}.Ad-Hoc|x86.ActiveCfg = Ad-Hoc|iPhone
		{4B1D6C78-0774-4112-A556-F14F4C0B7033}.AppStore|Any CPU.ActiveCfg = AppStore|iPhone
		{4B1D6C78-0774-4112-A556-F14F4C0B7033}.AppStore|ARM.ActiveCfg = AppStore|iPhone
		{4B1D6C78-0774-4112-A556-F14F4C0B7033}.AppStore|iPhone.ActiveCfg = AppStore|iPhone
		{4B1D6C78-0774-4112-A556-F14F4C0B7033}.AppStore|iPhone.Build.0 = AppStore|iPhone
		{4B1D6C78-0774-4112-A556-F14F4C0B7033}.AppStore|iPhoneSimulator.ActiveCfg = AppStore|iPhoneSimulator
		{4B1D6C78-0774-4112-A556-F14F4C0B7033}.AppStore|iPhoneSimulator.Build.0 = AppStore|iPhoneSimulator
		{4B1D6C78-0774-4112-A556-F14F4C0B7033}.AppStore|x64.ActiveCfg = AppStore|iPhone
		{4B1D6C78-0774-4112-A556-F14F4C0B7033}.AppStore|x86.ActiveCfg = AppStore|iPhone
		{4B1D6C78-0774-4112-A556-F14F4C0B7033}.Debug|Any CPU.ActiveCfg = Debug|iPhone
		{4B1D6C78-0774-4112-A556-F14F4C0B7033}.Debug|ARM.ActiveCfg = Debug|iPhone
		{4B1D6C78-0774-4112-A556-F14F4C0B7033}.Debug|iPhone.ActiveCfg = Debug|iPhone
		{4B1D6C78-0774-4112-A556-F14F4C0B7033}.Debug|iPhone.Build.0 = Debug|iPhone
		{4B1D6C78-0774-4112-A556-F14F4C0B7033}.Debug|iPhoneSimulator.ActiveCfg = Debug|iPhoneSimulator
		{4B1D6C78-0774-4112-A556-F14F4C0B7033}.Debug|iPhoneSimulator.Build.0 = Debug|iPhoneSimulator
		{4B1D6C78-0774-4112-A556-F14F4C0B7033}.Debug|x64.ActiveCfg = Debug|iPhone
		{4B1D6C78-0774-4112-A556-F14F4C0B7033}.Debug|x86.ActiveCfg = Debug|iPhone
		{4B1D6C78-0774-4112-A556-F14F4C0B7033}.Release|Any CPU.ActiveCfg = Release|iPhone
		{4B1D6C78-0774-4112-A556-F14F4C0B7033}.Release|ARM.ActiveCfg = Release|iPhone
		{4B1D6C78-0774-4112-A556-F14F4C0B7033}.Release|iPhone.ActiveCfg = Release|iPhone
		{4B1D6C78-0774-4112-A556-F14F4C0B7033}.Release|iPhone.Build.0 = Release|iPhone
		{4B1D6C78-0774-4112-A556-F14F4C0B7033}.Release|iPhoneSimulator.ActiveCfg = Release|iPhoneSimulator
		{4B1D6C78-0774-4112-A556-F14F4C0B7033}.Release|iPhoneSimulator.Build.0 = Release|iPhoneSimulator
		{4B1D6C78-0774-4112-A556-F14F4C0B7033}.Release|x64.ActiveCfg = Release|iPhone
		{4B1D6C78-0774-4112-A556-F14F4C0B7033}.Release|x86.ActiveCfg = Release|iPhone
	EndGlobalSection
	GlobalSection(SolutionProperties) = preSolution
		HideSolutionNode = FALSE
	EndGlobalSection
	GlobalSection(NestedProjects) = preSolution
		{CA34F53E-A063-4A43-A57A-DBDB4D8618AF} = {0CD8449B-97D3-45BA-AE24-B968286EBE52}
		{D37C6CED-2E6D-4553-B9A7-3333FB78369B} = {D3540CEA-2C8C-4D77-8C0B-06B2E9438423}
		{91FB360A-E3A7-4647-B5C9-9E01A7181D93} = {F3D4E2FD-3393-4856-9217-2C857A2E6786}
		{977A9E49-9AA0-444F-8ECC-84D1BC38626F} = {F3D4E2FD-3393-4856-9217-2C857A2E6786}
		{C7F31B3C-2904-4798-AD74-C8C0059B938C} = {F3D4E2FD-3393-4856-9217-2C857A2E6786}
		{4B1D6C78-0774-4112-A556-F14F4C0B7033} = {F3D4E2FD-3393-4856-9217-2C857A2E6786}
	EndGlobalSection
EndGlobal
